// !$*UTF8*$!
{
	archiveVersion = 1;
	classes = {
	};
	objectVersion = 56;
	objects = {

/* Begin PBXBuildFile section */
		C0257DE02AF4D5100041BDAF /* RxTest in Frameworks */ = {isa = PBXBuildFile; productRef = C0257DDF2AF4D5100041BDAF /* RxTest */; };
		C0257DE22AF4D5150041BDAF /* RxSwift in Frameworks */ = {isa = PBXBuildFile; productRef = C0257DE12AF4D5150041BDAF /* RxSwift */; };
		C0257DE42AF4E6A30041BDAF /* RxCocoa in Frameworks */ = {isa = PBXBuildFile; productRef = C0257DE32AF4E6A30041BDAF /* RxCocoa */; };
		C0257DE62AF60B8C0041BDAF /* AppInfoEntity+.swift in Sources */ = {isa = PBXBuildFile; fileRef = C0257DE52AF60B8C0041BDAF /* AppInfoEntity+.swift */; };
		C0257DE82AF632F70041BDAF /* RxBlocking in Frameworks */ = {isa = PBXBuildFile; productRef = C0257DE72AF632F70041BDAF /* RxBlocking */; };
		C05EA6262AFCB62D00CA9B9C /* DetailViewController.swift in Sources */ = {isa = PBXBuildFile; fileRef = C05EA6252AFCB62D00CA9B9C /* DetailViewController.swift */; };
		C05EA6282AFD0AF200CA9B9C /* ScreenShotCollectionViewCell.swift in Sources */ = {isa = PBXBuildFile; fileRef = C05EA6272AFD0AF200CA9B9C /* ScreenShotCollectionViewCell.swift */; };
		C05EA62A2AFD4AB800CA9B9C /* TestViewController.swift in Sources */ = {isa = PBXBuildFile; fileRef = C05EA6292AFD4AB800CA9B9C /* TestViewController.swift */; };
		C0B59CFE2AEF802000150DE9 /* AppDelegate.swift in Sources */ = {isa = PBXBuildFile; fileRef = C0B59CFD2AEF802000150DE9 /* AppDelegate.swift */; };
		C0B59D002AEF802000150DE9 /* SceneDelegate.swift in Sources */ = {isa = PBXBuildFile; fileRef = C0B59CFF2AEF802000150DE9 /* SceneDelegate.swift */; };
		C0B59D022AEF802000150DE9 /* ViewController.swift in Sources */ = {isa = PBXBuildFile; fileRef = C0B59D012AEF802000150DE9 /* ViewController.swift */; };
		C0B59D072AEF802100150DE9 /* Assets.xcassets in Resources */ = {isa = PBXBuildFile; fileRef = C0B59D062AEF802100150DE9 /* Assets.xcassets */; };
		C0B59D0A2AEF802100150DE9 /* LaunchScreen.storyboard in Resources */ = {isa = PBXBuildFile; fileRef = C0B59D082AEF802100150DE9 /* LaunchScreen.storyboard */; };
		C0B59D152AEF802100150DE9 /* AppStoreCloneTests.swift in Sources */ = {isa = PBXBuildFile; fileRef = C0B59D142AEF802100150DE9 /* AppStoreCloneTests.swift */; };
		C0B59D1F2AEF802100150DE9 /* AppStoreCloneUITests.swift in Sources */ = {isa = PBXBuildFile; fileRef = C0B59D1E2AEF802100150DE9 /* AppStoreCloneUITests.swift */; };
		C0B59D212AEF802100150DE9 /* AppStoreCloneUITestsLaunchTests.swift in Sources */ = {isa = PBXBuildFile; fileRef = C0B59D202AEF802100150DE9 /* AppStoreCloneUITestsLaunchTests.swift */; };
		C0B59D2F2AEF8D3D00150DE9 /* SnapKit in Frameworks */ = {isa = PBXBuildFile; productRef = C0B59D2E2AEF8D3D00150DE9 /* SnapKit */; };
		C0B59D322AEF8D4500150DE9 /* Then in Frameworks */ = {isa = PBXBuildFile; productRef = C0B59D312AEF8D4500150DE9 /* Then */; };
		C0B59D352AF0FBF500150DE9 /* RxCocoa in Frameworks */ = {isa = PBXBuildFile; productRef = C0B59D342AF0FBF500150DE9 /* RxCocoa */; };
		C0B59D372AF0FBF500150DE9 /* RxSwift in Frameworks */ = {isa = PBXBuildFile; productRef = C0B59D362AF0FBF500150DE9 /* RxSwift */; };
		C0B59D3A2AF0FBFF00150DE9 /* ReactorKit in Frameworks */ = {isa = PBXBuildFile; productRef = C0B59D392AF0FBFF00150DE9 /* ReactorKit */; };
		C0B59D3C2AF0FC2500150DE9 /* SearchReactor.swift in Sources */ = {isa = PBXBuildFile; fileRef = C0B59D3B2AF0FC2500150DE9 /* SearchReactor.swift */; };
		C0B59D3E2AF2BAB500150DE9 /* AppListTableViewCell.swift in Sources */ = {isa = PBXBuildFile; fileRef = C0B59D3D2AF2BAB500150DE9 /* AppListTableViewCell.swift */; };
		C0B59D402AF3782400150DE9 /* Networking.swift in Sources */ = {isa = PBXBuildFile; fileRef = C0B59D3F2AF3782400150DE9 /* Networking.swift */; };
		C0B59D422AF38F7F00150DE9 /* Entitys.swift in Sources */ = {isa = PBXBuildFile; fileRef = C0B59D412AF38F7F00150DE9 /* Entitys.swift */; };
		C0B59D442AF38FA500150DE9 /* ApiTargetType.swift in Sources */ = {isa = PBXBuildFile; fileRef = C0B59D432AF38FA500150DE9 /* ApiTargetType.swift */; };
/* End PBXBuildFile section */

/* Begin PBXContainerItemProxy section */
		C0B59D112AEF802100150DE9 /* PBXContainerItemProxy */ = {
			isa = PBXContainerItemProxy;
			containerPortal = C0B59CF22AEF802000150DE9 /* Project object */;
			proxyType = 1;
			remoteGlobalIDString = C0B59CF92AEF802000150DE9;
			remoteInfo = AppStoreClone;
		};
		C0B59D1B2AEF802100150DE9 /* PBXContainerItemProxy */ = {
			isa = PBXContainerItemProxy;
			containerPortal = C0B59CF22AEF802000150DE9 /* Project object */;
			proxyType = 1;
			remoteGlobalIDString = C0B59CF92AEF802000150DE9;
			remoteInfo = AppStoreClone;
		};
/* End PBXContainerItemProxy section */

/* Begin PBXFileReference section */
		C0257DE52AF60B8C0041BDAF /* AppInfoEntity+.swift */ = {isa = PBXFileReference; lastKnownFileType = sourcecode.swift; path = "AppInfoEntity+.swift"; sourceTree = "<group>"; };
		C05EA6252AFCB62D00CA9B9C /* DetailViewController.swift */ = {isa = PBXFileReference; lastKnownFileType = sourcecode.swift; path = DetailViewController.swift; sourceTree = "<group>"; };
		C05EA6272AFD0AF200CA9B9C /* ScreenShotCollectionViewCell.swift */ = {isa = PBXFileReference; lastKnownFileType = sourcecode.swift; path = ScreenShotCollectionViewCell.swift; sourceTree = "<group>"; };
		C05EA6292AFD4AB800CA9B9C /* TestViewController.swift */ = {isa = PBXFileReference; lastKnownFileType = sourcecode.swift; path = TestViewController.swift; sourceTree = "<group>"; };
		C0B59CFA2AEF802000150DE9 /* AppStoreClone.app */ = {isa = PBXFileReference; explicitFileType = wrapper.application; includeInIndex = 0; path = AppStoreClone.app; sourceTree = BUILT_PRODUCTS_DIR; };
		C0B59CFD2AEF802000150DE9 /* AppDelegate.swift */ = {isa = PBXFileReference; lastKnownFileType = sourcecode.swift; path = AppDelegate.swift; sourceTree = "<group>"; };
		C0B59CFF2AEF802000150DE9 /* SceneDelegate.swift */ = {isa = PBXFileReference; lastKnownFileType = sourcecode.swift; path = SceneDelegate.swift; sourceTree = "<group>"; };
		C0B59D012AEF802000150DE9 /* ViewController.swift */ = {isa = PBXFileReference; lastKnownFileType = sourcecode.swift; path = ViewController.swift; sourceTree = "<group>"; };
		C0B59D062AEF802100150DE9 /* Assets.xcassets */ = {isa = PBXFileReference; lastKnownFileType = folder.assetcatalog; path = Assets.xcassets; sourceTree = "<group>"; };
		C0B59D092AEF802100150DE9 /* Base */ = {isa = PBXFileReference; lastKnownFileType = file.storyboard; name = Base; path = Base.lproj/LaunchScreen.storyboard; sourceTree = "<group>"; };
		C0B59D0B2AEF802100150DE9 /* Info.plist */ = {isa = PBXFileReference; lastKnownFileType = text.plist.xml; path = Info.plist; sourceTree = "<group>"; };
		C0B59D102AEF802100150DE9 /* AppStoreCloneTests.xctest */ = {isa = PBXFileReference; explicitFileType = wrapper.cfbundle; includeInIndex = 0; path = AppStoreCloneTests.xctest; sourceTree = BUILT_PRODUCTS_DIR; };
		C0B59D142AEF802100150DE9 /* AppStoreCloneTests.swift */ = {isa = PBXFileReference; lastKnownFileType = sourcecode.swift; path = AppStoreCloneTests.swift; sourceTree = "<group>"; };
		C0B59D1A2AEF802100150DE9 /* AppStoreCloneUITests.xctest */ = {isa = PBXFileReference; explicitFileType = wrapper.cfbundle; includeInIndex = 0; path = AppStoreCloneUITests.xctest; sourceTree = BUILT_PRODUCTS_DIR; };
		C0B59D1E2AEF802100150DE9 /* AppStoreCloneUITests.swift */ = {isa = PBXFileReference; lastKnownFileType = sourcecode.swift; path = AppStoreCloneUITests.swift; sourceTree = "<group>"; };
		C0B59D202AEF802100150DE9 /* AppStoreCloneUITestsLaunchTests.swift */ = {isa = PBXFileReference; lastKnownFileType = sourcecode.swift; path = AppStoreCloneUITestsLaunchTests.swift; sourceTree = "<group>"; };
		C0B59D3B2AF0FC2500150DE9 /* SearchReactor.swift */ = {isa = PBXFileReference; lastKnownFileType = sourcecode.swift; path = SearchReactor.swift; sourceTree = "<group>"; };
		C0B59D3D2AF2BAB500150DE9 /* AppListTableViewCell.swift */ = {isa = PBXFileReference; lastKnownFileType = sourcecode.swift; path = AppListTableViewCell.swift; sourceTree = "<group>"; };
		C0B59D3F2AF3782400150DE9 /* Networking.swift */ = {isa = PBXFileReference; lastKnownFileType = sourcecode.swift; path = Networking.swift; sourceTree = "<group>"; };
		C0B59D412AF38F7F00150DE9 /* Entitys.swift */ = {isa = PBXFileReference; lastKnownFileType = sourcecode.swift; path = Entitys.swift; sourceTree = "<group>"; };
		C0B59D432AF38FA500150DE9 /* ApiTargetType.swift */ = {isa = PBXFileReference; lastKnownFileType = sourcecode.swift; path = ApiTargetType.swift; sourceTree = "<group>"; };
/* End PBXFileReference section */

/* Begin PBXFrameworksBuildPhase section */
		C0B59CF72AEF802000150DE9 /* Frameworks */ = {
			isa = PBXFrameworksBuildPhase;
			buildActionMask = 2147483647;
			files = (
				C0B59D352AF0FBF500150DE9 /* RxCocoa in Frameworks */,
				C0B59D2F2AEF8D3D00150DE9 /* SnapKit in Frameworks */,
				C0B59D372AF0FBF500150DE9 /* RxSwift in Frameworks */,
				C0B59D3A2AF0FBFF00150DE9 /* ReactorKit in Frameworks */,
				C0B59D322AEF8D4500150DE9 /* Then in Frameworks */,
			);
			runOnlyForDeploymentPostprocessing = 0;
		};
		C0B59D0D2AEF802100150DE9 /* Frameworks */ = {
			isa = PBXFrameworksBuildPhase;
			buildActionMask = 2147483647;
			files = (
				C0257DE42AF4E6A30041BDAF /* RxCocoa in Frameworks */,
				C0257DE82AF632F70041BDAF /* RxBlocking in Frameworks */,
				C0257DE22AF4D5150041BDAF /* RxSwift in Frameworks */,
				C0257DE02AF4D5100041BDAF /* RxTest in Frameworks */,
			);
			runOnlyForDeploymentPostprocessing = 0;
		};
		C0B59D172AEF802100150DE9 /* Frameworks */ = {
			isa = PBXFrameworksBuildPhase;
			buildActionMask = 2147483647;
			files = (
			);
			runOnlyForDeploymentPostprocessing = 0;
		};
/* End PBXFrameworksBuildPhase section */

/* Begin PBXGroup section */
		C0257DDA2AF4D4CD0041BDAF /* Frameworks */ = {
			isa = PBXGroup;
			children = (
			);
			name = Frameworks;
			sourceTree = "<group>";
		};
		C0B59CF12AEF802000150DE9 = {
			isa = PBXGroup;
			children = (
				C0B59CFC2AEF802000150DE9 /* AppStoreClone */,
				C0B59D132AEF802100150DE9 /* AppStoreCloneTests */,
				C0B59D1D2AEF802100150DE9 /* AppStoreCloneUITests */,
				C0B59CFB2AEF802000150DE9 /* Products */,
				C0257DDA2AF4D4CD0041BDAF /* Frameworks */,
			);
			sourceTree = "<group>";
		};
		C0B59CFB2AEF802000150DE9 /* Products */ = {
			isa = PBXGroup;
			children = (
				C0B59CFA2AEF802000150DE9 /* AppStoreClone.app */,
				C0B59D102AEF802100150DE9 /* AppStoreCloneTests.xctest */,
				C0B59D1A2AEF802100150DE9 /* AppStoreCloneUITests.xctest */,
			);
			name = Products;
			sourceTree = "<group>";
		};
		C0B59CFC2AEF802000150DE9 /* AppStoreClone */ = {
			isa = PBXGroup;
			children = (
				C0B59CFD2AEF802000150DE9 /* AppDelegate.swift */,
				C0B59CFF2AEF802000150DE9 /* SceneDelegate.swift */,
				C0B59D012AEF802000150DE9 /* ViewController.swift */,
				C0B59D062AEF802100150DE9 /* Assets.xcassets */,
				C0B59D082AEF802100150DE9 /* LaunchScreen.storyboard */,
				C0B59D0B2AEF802100150DE9 /* Info.plist */,
				C0B59D3B2AF0FC2500150DE9 /* SearchReactor.swift */,
				C0B59D3D2AF2BAB500150DE9 /* AppListTableViewCell.swift */,
				C0B59D3F2AF3782400150DE9 /* Networking.swift */,
				C0B59D412AF38F7F00150DE9 /* Entitys.swift */,
				C0B59D432AF38FA500150DE9 /* ApiTargetType.swift */,
				C05EA6252AFCB62D00CA9B9C /* DetailViewController.swift */,
				C05EA6272AFD0AF200CA9B9C /* ScreenShotCollectionViewCell.swift */,
				C05EA6292AFD4AB800CA9B9C /* TestViewController.swift */,
			);
			path = AppStoreClone;
			sourceTree = "<group>";
		};
		C0B59D132AEF802100150DE9 /* AppStoreCloneTests */ = {
			isa = PBXGroup;
			children = (
				C0B59D142AEF802100150DE9 /* AppStoreCloneTests.swift */,
				C0257DE52AF60B8C0041BDAF /* AppInfoEntity+.swift */,
			);
			path = AppStoreCloneTests;
			sourceTree = "<group>";
		};
		C0B59D1D2AEF802100150DE9 /* AppStoreCloneUITests */ = {
			isa = PBXGroup;
			children = (
				C0B59D1E2AEF802100150DE9 /* AppStoreCloneUITests.swift */,
				C0B59D202AEF802100150DE9 /* AppStoreCloneUITestsLaunchTests.swift */,
			);
			path = AppStoreCloneUITests;
			sourceTree = "<group>";
		};
/* End PBXGroup section */

/* Begin PBXNativeTarget section */
		C0B59CF92AEF802000150DE9 /* AppStoreClone */ = {
			isa = PBXNativeTarget;
			buildConfigurationList = C0B59D242AEF802100150DE9 /* Build configuration list for PBXNativeTarget "AppStoreClone" */;
			buildPhases = (
				C0B59CF62AEF802000150DE9 /* Sources */,
				C0B59CF72AEF802000150DE9 /* Frameworks */,
				C0B59CF82AEF802000150DE9 /* Resources */,
			);
			buildRules = (
			);
			dependencies = (
			);
			name = AppStoreClone;
			packageProductDependencies = (
				C0B59D2E2AEF8D3D00150DE9 /* SnapKit */,
				C0B59D312AEF8D4500150DE9 /* Then */,
				C0B59D342AF0FBF500150DE9 /* RxCocoa */,
				C0B59D362AF0FBF500150DE9 /* RxSwift */,
				C0B59D392AF0FBFF00150DE9 /* ReactorKit */,
			);
			productName = AppStoreClone;
			productReference = C0B59CFA2AEF802000150DE9 /* AppStoreClone.app */;
			productType = "com.apple.product-type.application";
		};
		C0B59D0F2AEF802100150DE9 /* AppStoreCloneTests */ = {
			isa = PBXNativeTarget;
			buildConfigurationList = C0B59D272AEF802100150DE9 /* Build configuration list for PBXNativeTarget "AppStoreCloneTests" */;
			buildPhases = (
				C0B59D0C2AEF802100150DE9 /* Sources */,
				C0B59D0D2AEF802100150DE9 /* Frameworks */,
				C0B59D0E2AEF802100150DE9 /* Resources */,
			);
			buildRules = (
			);
			dependencies = (
				C0B59D122AEF802100150DE9 /* PBXTargetDependency */,
			);
			name = AppStoreCloneTests;
			packageProductDependencies = (
				C0257DDF2AF4D5100041BDAF /* RxTest */,
				C0257DE12AF4D5150041BDAF /* RxSwift */,
				C0257DE32AF4E6A30041BDAF /* RxCocoa */,
				C0257DE72AF632F70041BDAF /* RxBlocking */,
			);
			productName = AppStoreCloneTests;
			productReference = C0B59D102AEF802100150DE9 /* AppStoreCloneTests.xctest */;
			productType = "com.apple.product-type.bundle.unit-test";
		};
		C0B59D192AEF802100150DE9 /* AppStoreCloneUITests */ = {
			isa = PBXNativeTarget;
			buildConfigurationList = C0B59D2A2AEF802100150DE9 /* Build configuration list for PBXNativeTarget "AppStoreCloneUITests" */;
			buildPhases = (
				C0B59D162AEF802100150DE9 /* Sources */,
				C0B59D172AEF802100150DE9 /* Frameworks */,
				C0B59D182AEF802100150DE9 /* Resources */,
			);
			buildRules = (
			);
			dependencies = (
				C0B59D1C2AEF802100150DE9 /* PBXTargetDependency */,
			);
			name = AppStoreCloneUITests;
			productName = AppStoreCloneUITests;
			productReference = C0B59D1A2AEF802100150DE9 /* AppStoreCloneUITests.xctest */;
			productType = "com.apple.product-type.bundle.ui-testing";
		};
/* End PBXNativeTarget section */

/* Begin PBXProject section */
		C0B59CF22AEF802000150DE9 /* Project object */ = {
			isa = PBXProject;
			attributes = {
				BuildIndependentTargetsInParallel = 1;
				LastSwiftUpdateCheck = 1430;
				LastUpgradeCheck = 1430;
				TargetAttributes = {
					C0B59CF92AEF802000150DE9 = {
						CreatedOnToolsVersion = 14.3.1;
					};
					C0B59D0F2AEF802100150DE9 = {
						CreatedOnToolsVersion = 14.3.1;
						TestTargetID = C0B59CF92AEF802000150DE9;
					};
					C0B59D192AEF802100150DE9 = {
						CreatedOnToolsVersion = 14.3.1;
						TestTargetID = C0B59CF92AEF802000150DE9;
					};
				};
			};
			buildConfigurationList = C0B59CF52AEF802000150DE9 /* Build configuration list for PBXProject "AppStoreClone" */;
			compatibilityVersion = "Xcode 14.0";
			developmentRegion = en;
			hasScannedForEncodings = 0;
			knownRegions = (
				en,
				Base,
			);
			mainGroup = C0B59CF12AEF802000150DE9;
			packageReferences = (
				C0B59D2D2AEF8D3D00150DE9 /* XCRemoteSwiftPackageReference "SnapKit" */,
				C0B59D302AEF8D4500150DE9 /* XCRemoteSwiftPackageReference "Then" */,
				C0B59D332AF0FBF500150DE9 /* XCRemoteSwiftPackageReference "RxSwift" */,
				C0B59D382AF0FBFF00150DE9 /* XCRemoteSwiftPackageReference "ReactorKit" */,
			);
			productRefGroup = C0B59CFB2AEF802000150DE9 /* Products */;
			projectDirPath = "";
			projectRoot = "";
			targets = (
				C0B59CF92AEF802000150DE9 /* AppStoreClone */,
				C0B59D0F2AEF802100150DE9 /* AppStoreCloneTests */,
				C0B59D192AEF802100150DE9 /* AppStoreCloneUITests */,
			);
		};
/* End PBXProject section */

/* Begin PBXResourcesBuildPhase section */
		C0B59CF82AEF802000150DE9 /* Resources */ = {
			isa = PBXResourcesBuildPhase;
			buildActionMask = 2147483647;
			files = (
				C0B59D0A2AEF802100150DE9 /* LaunchScreen.storyboard in Resources */,
				C0B59D072AEF802100150DE9 /* Assets.xcassets in Resources */,
			);
			runOnlyForDeploymentPostprocessing = 0;
		};
		C0B59D0E2AEF802100150DE9 /* Resources */ = {
			isa = PBXResourcesBuildPhase;
			buildActionMask = 2147483647;
			files = (
			);
			runOnlyForDeploymentPostprocessing = 0;
		};
		C0B59D182AEF802100150DE9 /* Resources */ = {
			isa = PBXResourcesBuildPhase;
			buildActionMask = 2147483647;
			files = (
			);
			runOnlyForDeploymentPostprocessing = 0;
		};
/* End PBXResourcesBuildPhase section */

/* Begin PBXSourcesBuildPhase section */
		C0B59CF62AEF802000150DE9 /* Sources */ = {
			isa = PBXSourcesBuildPhase;
			buildActionMask = 2147483647;
			files = (
				C05EA6262AFCB62D00CA9B9C /* DetailViewController.swift in Sources */,
				C0B59D3C2AF0FC2500150DE9 /* SearchReactor.swift in Sources */,
				C05EA62A2AFD4AB800CA9B9C /* TestViewController.swift in Sources */,
				C05EA6282AFD0AF200CA9B9C /* ScreenShotCollectionViewCell.swift in Sources */,
				C0B59D442AF38FA500150DE9 /* ApiTargetType.swift in Sources */,
				C0B59D3E2AF2BAB500150DE9 /* AppListTableViewCell.swift in Sources */,
				C0B59D022AEF802000150DE9 /* ViewController.swift in Sources */,
				C0B59D402AF3782400150DE9 /* Networking.swift in Sources */,
				C0B59CFE2AEF802000150DE9 /* AppDelegate.swift in Sources */,
				C0B59D422AF38F7F00150DE9 /* Entitys.swift in Sources */,
				C0B59D002AEF802000150DE9 /* SceneDelegate.swift in Sources */,
			);
			runOnlyForDeploymentPostprocessing = 0;
		};
		C0B59D0C2AEF802100150DE9 /* Sources */ = {
			isa = PBXSourcesBuildPhase;
			buildActionMask = 2147483647;
			files = (
				C0257DE62AF60B8C0041BDAF /* AppInfoEntity+.swift in Sources */,
				C0B59D152AEF802100150DE9 /* AppStoreCloneTests.swift in Sources */,
			);
			runOnlyForDeploymentPostprocessing = 0;
		};
		C0B59D162AEF802100150DE9 /* Sources */ = {
			isa = PBXSourcesBuildPhase;
			buildActionMask = 2147483647;
			files = (
				C0B59D212AEF802100150DE9 /* AppStoreCloneUITestsLaunchTests.swift in Sources */,
				C0B59D1F2AEF802100150DE9 /* AppStoreCloneUITests.swift in Sources */,
			);
			runOnlyForDeploymentPostprocessing = 0;
		};
/* End PBXSourcesBuildPhase section */

/* Begin PBXTargetDependency section */
		C0B59D122AEF802100150DE9 /* PBXTargetDependency */ = {
			isa = PBXTargetDependency;
			target = C0B59CF92AEF802000150DE9 /* AppStoreClone */;
			targetProxy = C0B59D112AEF802100150DE9 /* PBXContainerItemProxy */;
		};
		C0B59D1C2AEF802100150DE9 /* PBXTargetDependency */ = {
			isa = PBXTargetDependency;
			target = C0B59CF92AEF802000150DE9 /* AppStoreClone */;
			targetProxy = C0B59D1B2AEF802100150DE9 /* PBXContainerItemProxy */;
		};
/* End PBXTargetDependency section */

/* Begin PBXVariantGroup section */
		C0B59D082AEF802100150DE9 /* LaunchScreen.storyboard */ = {
			isa = PBXVariantGroup;
			children = (
				C0B59D092AEF802100150DE9 /* Base */,
			);
			name = LaunchScreen.storyboard;
			sourceTree = "<group>";
		};
/* End PBXVariantGroup section */

/* Begin XCBuildConfiguration section */
		C0B59D222AEF802100150DE9 /* Debug */ = {
			isa = XCBuildConfiguration;
			buildSettings = {
				ALWAYS_SEARCH_USER_PATHS = NO;
				CLANG_ANALYZER_NONNULL = YES;
				CLANG_ANALYZER_NUMBER_OBJECT_CONVERSION = YES_AGGRESSIVE;
				CLANG_CXX_LANGUAGE_STANDARD = "gnu++20";
				CLANG_ENABLE_MODULES = YES;
				CLANG_ENABLE_OBJC_ARC = YES;
				CLANG_ENABLE_OBJC_WEAK = YES;
				CLANG_WARN_BLOCK_CAPTURE_AUTORELEASING = YES;
				CLANG_WARN_BOOL_CONVERSION = YES;
				CLANG_WARN_COMMA = YES;
				CLANG_WARN_CONSTANT_CONVERSION = YES;
				CLANG_WARN_DEPRECATED_OBJC_IMPLEMENTATIONS = YES;
				CLANG_WARN_DIRECT_OBJC_ISA_USAGE = YES_ERROR;
				CLANG_WARN_DOCUMENTATION_COMMENTS = YES;
				CLANG_WARN_EMPTY_BODY = YES;
				CLANG_WARN_ENUM_CONVERSION = YES;
				CLANG_WARN_INFINITE_RECURSION = YES;
				CLANG_WARN_INT_CONVERSION = YES;
				CLANG_WARN_NON_LITERAL_NULL_CONVERSION = YES;
				CLANG_WARN_OBJC_IMPLICIT_RETAIN_SELF = YES;
				CLANG_WARN_OBJC_LITERAL_CONVERSION = YES;
				CLANG_WARN_OBJC_ROOT_CLASS = YES_ERROR;
				CLANG_WARN_QUOTED_INCLUDE_IN_FRAMEWORK_HEADER = YES;
				CLANG_WARN_RANGE_LOOP_ANALYSIS = YES;
				CLANG_WARN_STRICT_PROTOTYPES = YES;
				CLANG_WARN_SUSPICIOUS_MOVE = YES;
				CLANG_WARN_UNGUARDED_AVAILABILITY = YES_AGGRESSIVE;
				CLANG_WARN_UNREACHABLE_CODE = YES;
				CLANG_WARN__DUPLICATE_METHOD_MATCH = YES;
				COPY_PHASE_STRIP = NO;
				DEBUG_INFORMATION_FORMAT = dwarf;
				ENABLE_STRICT_OBJC_MSGSEND = YES;
				ENABLE_TESTABILITY = YES;
				GCC_C_LANGUAGE_STANDARD = gnu11;
				GCC_DYNAMIC_NO_PIC = NO;
				GCC_NO_COMMON_BLOCKS = YES;
				GCC_OPTIMIZATION_LEVEL = 0;
				GCC_PREPROCESSOR_DEFINITIONS = (
					"DEBUG=1",
					"$(inherited)",
				);
				GCC_WARN_64_TO_32_BIT_CONVERSION = YES;
				GCC_WARN_ABOUT_RETURN_TYPE = YES_ERROR;
				GCC_WARN_UNDECLARED_SELECTOR = YES;
				GCC_WARN_UNINITIALIZED_AUTOS = YES_AGGRESSIVE;
				GCC_WARN_UNUSED_FUNCTION = YES;
				GCC_WARN_UNUSED_VARIABLE = YES;
				IPHONEOS_DEPLOYMENT_TARGET = 16.4;
				MTL_ENABLE_DEBUG_INFO = INCLUDE_SOURCE;
				MTL_FAST_MATH = YES;
				ONLY_ACTIVE_ARCH = YES;
				SDKROOT = iphoneos;
				SWIFT_ACTIVE_COMPILATION_CONDITIONS = DEBUG;
				SWIFT_OPTIMIZATION_LEVEL = "-Onone";
			};
			name = Debug;
		};
		C0B59D232AEF802100150DE9 /* Release */ = {
			isa = XCBuildConfiguration;
			buildSettings = {
				ALWAYS_SEARCH_USER_PATHS = NO;
				CLANG_ANALYZER_NONNULL = YES;
				CLANG_ANALYZER_NUMBER_OBJECT_CONVERSION = YES_AGGRESSIVE;
				CLANG_CXX_LANGUAGE_STANDARD = "gnu++20";
				CLANG_ENABLE_MODULES = YES;
				CLANG_ENABLE_OBJC_ARC = YES;
				CLANG_ENABLE_OBJC_WEAK = YES;
				CLANG_WARN_BLOCK_CAPTURE_AUTORELEASING = YES;
				CLANG_WARN_BOOL_CONVERSION = YES;
				CLANG_WARN_COMMA = YES;
				CLANG_WARN_CONSTANT_CONVERSION = YES;
				CLANG_WARN_DEPRECATED_OBJC_IMPLEMENTATIONS = YES;
				CLANG_WARN_DIRECT_OBJC_ISA_USAGE = YES_ERROR;
				CLANG_WARN_DOCUMENTATION_COMMENTS = YES;
				CLANG_WARN_EMPTY_BODY = YES;
				CLANG_WARN_ENUM_CONVERSION = YES;
				CLANG_WARN_INFINITE_RECURSION = YES;
				CLANG_WARN_INT_CONVERSION = YES;
				CLANG_WARN_NON_LITERAL_NULL_CONVERSION = YES;
				CLANG_WARN_OBJC_IMPLICIT_RETAIN_SELF = YES;
				CLANG_WARN_OBJC_LITERAL_CONVERSION = YES;
				CLANG_WARN_OBJC_ROOT_CLASS = YES_ERROR;
				CLANG_WARN_QUOTED_INCLUDE_IN_FRAMEWORK_HEADER = YES;
				CLANG_WARN_RANGE_LOOP_ANALYSIS = YES;
				CLANG_WARN_STRICT_PROTOTYPES = YES;
				CLANG_WARN_SUSPICIOUS_MOVE = YES;
				CLANG_WARN_UNGUARDED_AVAILABILITY = YES_AGGRESSIVE;
				CLANG_WARN_UNREACHABLE_CODE = YES;
				CLANG_WARN__DUPLICATE_METHOD_MATCH = YES;
				COPY_PHASE_STRIP = NO;
				DEBUG_INFORMATION_FORMAT = "dwarf-with-dsym";
				ENABLE_NS_ASSERTIONS = NO;
				ENABLE_STRICT_OBJC_MSGSEND = YES;
				GCC_C_LANGUAGE_STANDARD = gnu11;
				GCC_NO_COMMON_BLOCKS = YES;
				GCC_WARN_64_TO_32_BIT_CONVERSION = YES;
				GCC_WARN_ABOUT_RETURN_TYPE = YES_ERROR;
				GCC_WARN_UNDECLARED_SELECTOR = YES;
				GCC_WARN_UNINITIALIZED_AUTOS = YES_AGGRESSIVE;
				GCC_WARN_UNUSED_FUNCTION = YES;
				GCC_WARN_UNUSED_VARIABLE = YES;
				IPHONEOS_DEPLOYMENT_TARGET = 16.4;
				MTL_ENABLE_DEBUG_INFO = NO;
				MTL_FAST_MATH = YES;
				SDKROOT = iphoneos;
				SWIFT_COMPILATION_MODE = wholemodule;
				SWIFT_OPTIMIZATION_LEVEL = "-O";
				VALIDATE_PRODUCT = YES;
			};
			name = Release;
		};
		C0B59D252AEF802100150DE9 /* Debug */ = {
			isa = XCBuildConfiguration;
			buildSettings = {
				ASSETCATALOG_COMPILER_APPICON_NAME = AppIcon;
				ASSETCATALOG_COMPILER_GLOBAL_ACCENT_COLOR_NAME = AccentColor;
				CODE_SIGN_STYLE = Automatic;
				CURRENT_PROJECT_VERSION = 1;
				DEVELOPMENT_TEAM = U77SWC9NZT;
				GENERATE_INFOPLIST_FILE = YES;
				INFOPLIST_FILE = AppStoreClone/Info.plist;
				INFOPLIST_KEY_UIApplicationSupportsIndirectInputEvents = YES;
				INFOPLIST_KEY_UILaunchStoryboardName = LaunchScreen;
				INFOPLIST_KEY_UIMainStoryboardFile = "";
				INFOPLIST_KEY_UISupportedInterfaceOrientations_iPad = "UIInterfaceOrientationPortrait UIInterfaceOrientationPortraitUpsideDown UIInterfaceOrientationLandscapeLeft UIInterfaceOrientationLandscapeRight";
				INFOPLIST_KEY_UISupportedInterfaceOrientations_iPhone = "UIInterfaceOrientationPortrait UIInterfaceOrientationLandscapeLeft UIInterfaceOrientationLandscapeRight";
				LD_RUNPATH_SEARCH_PATHS = (
					"$(inherited)",
					"@executable_path/Frameworks",
				);
				MARKETING_VERSION = 1.0;
				PRODUCT_BUNDLE_IDENTIFIER = com.steven.AppStoreClone;
				PRODUCT_NAME = "$(TARGET_NAME)";
				SWIFT_EMIT_LOC_STRINGS = YES;
				SWIFT_VERSION = 5.0;
				TARGETED_DEVICE_FAMILY = "1,2";
			};
			name = Debug;
		};
		C0B59D262AEF802100150DE9 /* Release */ = {
			isa = XCBuildConfiguration;
			buildSettings = {
				ASSETCATALOG_COMPILER_APPICON_NAME = AppIcon;
				ASSETCATALOG_COMPILER_GLOBAL_ACCENT_COLOR_NAME = AccentColor;
				CODE_SIGN_STYLE = Automatic;
				CURRENT_PROJECT_VERSION = 1;
				DEVELOPMENT_TEAM = U77SWC9NZT;
				GENERATE_INFOPLIST_FILE = YES;
				INFOPLIST_FILE = AppStoreClone/Info.plist;
				INFOPLIST_KEY_UIApplicationSupportsIndirectInputEvents = YES;
				INFOPLIST_KEY_UILaunchStoryboardName = LaunchScreen;
				INFOPLIST_KEY_UIMainStoryboardFile = "";
				INFOPLIST_KEY_UISupportedInterfaceOrientations_iPad = "UIInterfaceOrientationPortrait UIInterfaceOrientationPortraitUpsideDown UIInterfaceOrientationLandscapeLeft UIInterfaceOrientationLandscapeRight";
				INFOPLIST_KEY_UISupportedInterfaceOrientations_iPhone = "UIInterfaceOrientationPortrait UIInterfaceOrientationLandscapeLeft UIInterfaceOrientationLandscapeRight";
				LD_RUNPATH_SEARCH_PATHS = (
					"$(inherited)",
					"@executable_path/Frameworks",
				);
				MARKETING_VERSION = 1.0;
				PRODUCT_BUNDLE_IDENTIFIER = com.steven.AppStoreClone;
				PRODUCT_NAME = "$(TARGET_NAME)";
				SWIFT_EMIT_LOC_STRINGS = YES;
				SWIFT_VERSION = 5.0;
				TARGETED_DEVICE_FAMILY = "1,2";
			};
			name = Release;
		};
		C0B59D282AEF802100150DE9 /* Debug */ = {
			isa = XCBuildConfiguration;
			buildSettings = {
				ALWAYS_EMBED_SWIFT_STANDARD_LIBRARIES = YES;
				BUNDLE_LOADER = "$(TEST_HOST)";
				CODE_SIGN_STYLE = Automatic;
				CURRENT_PROJECT_VERSION = 1;
				DEVELOPMENT_TEAM = U77SWC9NZT;
				GENERATE_INFOPLIST_FILE = YES;
				IPHONEOS_DEPLOYMENT_TARGET = 16.4;
				MARKETING_VERSION = 1.0;
				PRODUCT_BUNDLE_IDENTIFIER = com.steven.AppStoreCloneTests;
				PRODUCT_NAME = "$(TARGET_NAME)";
				SWIFT_EMIT_LOC_STRINGS = NO;
				SWIFT_VERSION = 5.0;
				TARGETED_DEVICE_FAMILY = "1,2";
				TEST_HOST = "$(BUILT_PRODUCTS_DIR)/AppStoreClone.app/$(BUNDLE_EXECUTABLE_FOLDER_PATH)/AppStoreClone";
			};
			name = Debug;
		};
		C0B59D292AEF802100150DE9 /* Release */ = {
			isa = XCBuildConfiguration;
			buildSettings = {
				ALWAYS_EMBED_SWIFT_STANDARD_LIBRARIES = YES;
				BUNDLE_LOADER = "$(TEST_HOST)";
				CODE_SIGN_STYLE = Automatic;
				CURRENT_PROJECT_VERSION = 1;
				DEVELOPMENT_TEAM = U77SWC9NZT;
				GENERATE_INFOPLIST_FILE = YES;
				IPHONEOS_DEPLOYMENT_TARGET = 16.4;
				MARKETING_VERSION = 1.0;
				PRODUCT_BUNDLE_IDENTIFIER = com.steven.AppStoreCloneTests;
				PRODUCT_NAME = "$(TARGET_NAME)";
				SWIFT_EMIT_LOC_STRINGS = NO;
				SWIFT_VERSION = 5.0;
				TARGETED_DEVICE_FAMILY = "1,2";
				TEST_HOST = "$(BUILT_PRODUCTS_DIR)/AppStoreClone.app/$(BUNDLE_EXECUTABLE_FOLDER_PATH)/AppStoreClone";
			};
			name = Release;
		};
		C0B59D2B2AEF802100150DE9 /* Debug */ = {
			isa = XCBuildConfiguration;
			buildSettings = {
				ALWAYS_EMBED_SWIFT_STANDARD_LIBRARIES = YES;
				CODE_SIGN_STYLE = Automatic;
				CURRENT_PROJECT_VERSION = 1;
				DEVELOPMENT_TEAM = U77SWC9NZT;
				GENERATE_INFOPLIST_FILE = YES;
				MARKETING_VERSION = 1.0;
				PRODUCT_BUNDLE_IDENTIFIER = com.steven.AppStoreCloneUITests;
				PRODUCT_NAME = "$(TARGET_NAME)";
				SWIFT_EMIT_LOC_STRINGS = NO;
				SWIFT_VERSION = 5.0;
				TARGETED_DEVICE_FAMILY = "1,2";
				TEST_TARGET_NAME = AppStoreClone;
			};
			name = Debug;
		};
		C0B59D2C2AEF802100150DE9 /* Release */ = {
			isa = XCBuildConfiguration;
			buildSettings = {
				ALWAYS_EMBED_SWIFT_STANDARD_LIBRARIES = YES;
				CODE_SIGN_STYLE = Automatic;
				CURRENT_PROJECT_VERSION = 1;
				DEVELOPMENT_TEAM = U77SWC9NZT;
				GENERATE_INFOPLIST_FILE = YES;
				MARKETING_VERSION = 1.0;
				PRODUCT_BUNDLE_IDENTIFIER = com.steven.AppStoreCloneUITests;
				PRODUCT_NAME = "$(TARGET_NAME)";
				SWIFT_EMIT_LOC_STRINGS = NO;
				SWIFT_VERSION = 5.0;
				TARGETED_DEVICE_FAMILY = "1,2";
				TEST_TARGET_NAME = AppStoreClone;
			};
			name = Release;
		};
/* End XCBuildConfiguration section */

/* Begin XCConfigurationList section */
		C0B59CF52AEF802000150DE9 /* Build configuration list for PBXProject "AppStoreClone" */ = {
			isa = XCConfigurationList;
			buildConfigurations = (
				C0B59D222AEF802100150DE9 /* Debug */,
				C0B59D232AEF802100150DE9 /* Release */,
			);
			defaultConfigurationIsVisible = 0;
			defaultConfigurationName = Release;
		};
		C0B59D242AEF802100150DE9 /* Build configuration list for PBXNativeTarget "AppStoreClone" */ = {
			isa = XCConfigurationList;
			buildConfigurations = (
				C0B59D252AEF802100150DE9 /* Debug */,
				C0B59D262AEF802100150DE9 /* Release */,
			);
			defaultConfigurationIsVisible = 0;
			defaultConfigurationName = Release;
		};
		C0B59D272AEF802100150DE9 /* Build configuration list for PBXNativeTarget "AppStoreCloneTests" */ = {
			isa = XCConfigurationList;
			buildConfigurations = (
				C0B59D282AEF802100150DE9 /* Debug */,
				C0B59D292AEF802100150DE9 /* Release */,
			);
			defaultConfigurationIsVisible = 0;
			defaultConfigurationName = Release;
		};
		C0B59D2A2AEF802100150DE9 /* Build configuration list for PBXNativeTarget "AppStoreCloneUITests" */ = {
			isa = XCConfigurationList;
			buildConfigurations = (
				C0B59D2B2AEF802100150DE9 /* Debug */,
				C0B59D2C2AEF802100150DE9 /* Release */,
			);
			defaultConfigurationIsVisible = 0;
			defaultConfigurationName = Release;
		};
/* End XCConfigurationList section */

/* Begin XCRemoteSwiftPackageReference section */
		C0B59D2D2AEF8D3D00150DE9 /* XCRemoteSwiftPackageReference "SnapKit" */ = {
			isa = XCRemoteSwiftPackageReference;
			repositoryURL = "https://github.com/SnapKit/SnapKit.git";
			requirement = {
				kind = upToNextMajorVersion;
				minimumVersion = 5.0.0;
			};
		};
		C0B59D302AEF8D4500150DE9 /* XCRemoteSwiftPackageReference "Then" */ = {
			isa = XCRemoteSwiftPackageReference;
			repositoryURL = "https://github.com/devxoul/Then.git";
			requirement = {
				kind = upToNextMajorVersion;
				minimumVersion = 3.0.0;
			};
		};
		C0B59D332AF0FBF500150DE9 /* XCRemoteSwiftPackageReference "RxSwift" */ = {
			isa = XCRemoteSwiftPackageReference;
			repositoryURL = "https://github.com/ReactiveX/RxSwift.git";
			requirement = {
				kind = upToNextMajorVersion;
				minimumVersion = 6.0.0;
			};
		};
		C0B59D382AF0FBFF00150DE9 /* XCRemoteSwiftPackageReference "ReactorKit" */ = {
			isa = XCRemoteSwiftPackageReference;
			repositoryURL = "https://github.com/ReactorKit/ReactorKit.git";
			requirement = {
				kind = upToNextMajorVersion;
				minimumVersion = 3.0.0;
			};
		};
/* End XCRemoteSwiftPackageReference section */

/* Begin XCSwiftPackageProductDependency section */
		C0257DDF2AF4D5100041BDAF /* RxTest */ = {
			isa = XCSwiftPackageProductDependency;
			package = C0B59D332AF0FBF500150DE9 /* XCRemoteSwiftPackageReference "RxSwift" */;
			productName = RxTest;
		};
		C0257DE12AF4D5150041BDAF /* RxSwift */ = {
			isa = XCSwiftPackageProductDependency;
			package = C0B59D332AF0FBF500150DE9 /* XCRemoteSwiftPackageReference "RxSwift" */;
			productName = RxSwift;
		};
		C0257DE32AF4E6A30041BDAF /* RxCocoa */ = {
			isa = XCSwiftPackageProductDependency;
			package = C0B59D332AF0FBF500150DE9 /* XCRemoteSwiftPackageReference "RxSwift" */;
			productName = RxCocoa;
		};
		C0257DE72AF632F70041BDAF /* RxBlocking */ = {
			isa = XCSwiftPackageProductDependency;
			package = C0B59D332AF0FBF500150DE9 /* XCRemoteSwiftPackageReference "RxSwift" */;
			productName = RxBlocking;
		};
		C0B59D2E2AEF8D3D00150DE9 /* SnapKit */ = {
			isa = XCSwiftPackageProductDependency;
			package = C0B59D2D2AEF8D3D00150DE9 /* XCRemoteSwiftPackageReference "SnapKit" */;
			productName = SnapKit;
		};
		C0B59D312AEF8D4500150DE9 /* Then */ = {
			isa = XCSwiftPackageProductDependency;
			package = C0B59D302AEF8D4500150DE9 /* XCRemoteSwiftPackageReference "Then" */;
			productName = Then;
		};
		C0B59D342AF0FBF500150DE9 /* RxCocoa */ = {
			isa = XCSwiftPackageProductDependency;
			package = C0B59D332AF0FBF500150DE9 /* XCRemoteSwiftPackageReference "RxSwift" */;
			productName = RxCocoa;
		};
		C0B59D362AF0FBF500150DE9 /* RxSwift */ = {
			isa = XCSwiftPackageProductDependency;
			package = C0B59D332AF0FBF500150DE9 /* XCRemoteSwiftPackageReference "RxSwift" */;
			productName = RxSwift;
		};
		C0B59D392AF0FBFF00150DE9 /* ReactorKit */ = {
			isa = XCSwiftPackageProductDependency;
			package = C0B59D382AF0FBFF00150DE9 /* XCRemoteSwiftPackageReference "ReactorKit" */;
			productName = ReactorKit;
		};
/* End XCSwiftPackageProductDependency section */
	};
	rootObject = C0B59CF22AEF802000150DE9 /* Project object */;
}
