// !$*UTF8*$!
{
	archiveVersion = 1;
	classes = {
	};
	objectVersion = 56;
	objects = {

/* Begin PBXBuildFile section */
		3838D3311BF18D9BC4D30AEF /* Pods_AppStoreCloneTests.framework in Frameworks */ = {isa = PBXBuildFile; fileRef = 9A8DE67DC03E735D564542FD /* Pods_AppStoreCloneTests.framework */; };
		53EB3E41BF0D3440B24E6373 /* Pods_AppStoreClone.framework in Frameworks */ = {isa = PBXBuildFile; fileRef = 3A83C14F89A2D0E0C279FAF8 /* Pods_AppStoreClone.framework */; };
		C0257DE02AF4D5100041BDAF /* RxTest in Frameworks */ = {isa = PBXBuildFile; productRef = C0257DDF2AF4D5100041BDAF /* RxTest */; };
		C0257DE22AF4D5150041BDAF /* RxSwift in Frameworks */ = {isa = PBXBuildFile; productRef = C0257DE12AF4D5150041BDAF /* RxSwift */; };
		C0257DE42AF4E6A30041BDAF /* RxCocoa in Frameworks */ = {isa = PBXBuildFile; productRef = C0257DE32AF4E6A30041BDAF /* RxCocoa */; };
		C0257DE62AF60B8C0041BDAF /* AppInfoEntity+.swift in Sources */ = {isa = PBXBuildFile; fileRef = C0257DE52AF60B8C0041BDAF /* AppInfoEntity+.swift */; };
		C0257DE82AF632F70041BDAF /* RxBlocking in Frameworks */ = {isa = PBXBuildFile; productRef = C0257DE72AF632F70041BDAF /* RxBlocking */; };
		C05EA6262AFCB62D00CA9B9C /* DetailViewController.swift in Sources */ = {isa = PBXBuildFile; fileRef = C05EA6252AFCB62D00CA9B9C /* DetailViewController.swift */; };
		C05EA6282AFD0AF200CA9B9C /* ScreenShotCollectionViewCell.swift in Sources */ = {isa = PBXBuildFile; fileRef = C05EA6272AFD0AF200CA9B9C /* ScreenShotCollectionViewCell.swift */; };
		C05EA62A2AFD4AB800CA9B9C /* TestViewController.swift in Sources */ = {isa = PBXBuildFile; fileRef = C05EA6292AFD4AB800CA9B9C /* TestViewController.swift */; };
		C0B59CFE2AEF802000150DE9 /* AppDelegate.swift in Sources */ = {isa = PBXBuildFile; fileRef = C0B59CFD2AEF802000150DE9 /* AppDelegate.swift */; };
		C0B59D002AEF802000150DE9 /* SceneDelegate.swift in Sources */ = {isa = PBXBuildFile; fileRef = C0B59CFF2AEF802000150DE9 /* SceneDelegate.swift */; };
		C0B59D022AEF802000150DE9 /* SearchViewController.swift in Sources */ = {isa = PBXBuildFile; fileRef = C0B59D012AEF802000150DE9 /* SearchViewController.swift */; };
		C0B59D072AEF802100150DE9 /* Assets.xcassets in Resources */ = {isa = PBXBuildFile; fileRef = C0B59D062AEF802100150DE9 /* Assets.xcassets */; };
		C0B59D0A2AEF802100150DE9 /* LaunchScreen.storyboard in Resources */ = {isa = PBXBuildFile; fileRef = C0B59D082AEF802100150DE9 /* LaunchScreen.storyboard */; };
		C0B59D152AEF802100150DE9 /* AppStoreCloneTests.swift in Sources */ = {isa = PBXBuildFile; fileRef = C0B59D142AEF802100150DE9 /* AppStoreCloneTests.swift */; };
		C0B59D1F2AEF802100150DE9 /* AppStoreCloneUITests.swift in Sources */ = {isa = PBXBuildFile; fileRef = C0B59D1E2AEF802100150DE9 /* AppStoreCloneUITests.swift */; };
		C0B59D212AEF802100150DE9 /* AppStoreCloneUITestsLaunchTests.swift in Sources */ = {isa = PBXBuildFile; fileRef = C0B59D202AEF802100150DE9 /* AppStoreCloneUITestsLaunchTests.swift */; };
		C0B59D2F2AEF8D3D00150DE9 /* SnapKit in Frameworks */ = {isa = PBXBuildFile; productRef = C0B59D2E2AEF8D3D00150DE9 /* SnapKit */; };
		C0B59D322AEF8D4500150DE9 /* Then in Frameworks */ = {isa = PBXBuildFile; productRef = C0B59D312AEF8D4500150DE9 /* Then */; };
		C0B59D352AF0FBF500150DE9 /* RxCocoa in Frameworks */ = {isa = PBXBuildFile; productRef = C0B59D342AF0FBF500150DE9 /* RxCocoa */; };
		C0B59D372AF0FBF500150DE9 /* RxSwift in Frameworks */ = {isa = PBXBuildFile; productRef = C0B59D362AF0FBF500150DE9 /* RxSwift */; };
		C0B59D3A2AF0FBFF00150DE9 /* ReactorKit in Frameworks */ = {isa = PBXBuildFile; productRef = C0B59D392AF0FBFF00150DE9 /* ReactorKit */; };
		C0B59D3C2AF0FC2500150DE9 /* SearchViewReactor.swift in Sources */ = {isa = PBXBuildFile; fileRef = C0B59D3B2AF0FC2500150DE9 /* SearchViewReactor.swift */; };
		C0B59D3E2AF2BAB500150DE9 /* AppListTableViewCell.swift in Sources */ = {isa = PBXBuildFile; fileRef = C0B59D3D2AF2BAB500150DE9 /* AppListTableViewCell.swift */; };
		C0B59D402AF3782400150DE9 /* Networking.swift in Sources */ = {isa = PBXBuildFile; fileRef = C0B59D3F2AF3782400150DE9 /* Networking.swift */; };
		C0B59D422AF38F7F00150DE9 /* Entitys.swift in Sources */ = {isa = PBXBuildFile; fileRef = C0B59D412AF38F7F00150DE9 /* Entitys.swift */; };
		C0B59D442AF38FA500150DE9 /* ApiTargetType.swift in Sources */ = {isa = PBXBuildFile; fileRef = C0B59D432AF38FA500150DE9 /* ApiTargetType.swift */; };
		C0F15E1F2AFE11460039FF71 /* Kingfisher in Frameworks */ = {isa = PBXBuildFile; productRef = C0F15E1E2AFE11460039FF71 /* Kingfisher */; };
		C0F15E2A2B0206ED0039FF71 /* SearchViewUsecase.swift in Sources */ = {isa = PBXBuildFile; fileRef = C0F15E292B0206ED0039FF71 /* SearchViewUsecase.swift */; };
		C0F15E2D2B02367A0039FF71 /* SearchRepository.swift in Sources */ = {isa = PBXBuildFile; fileRef = C0F15E2C2B02367A0039FF71 /* SearchRepository.swift */; };
		C0F15E312B024B870039FF71 /* AppRouter.swift in Sources */ = {isa = PBXBuildFile; fileRef = C0F15E302B024B870039FF71 /* AppRouter.swift */; };
		C0F15E362B03D30C0039FF71 /* RxDataSourceTestViewController.swift in Sources */ = {isa = PBXBuildFile; fileRef = C0F15E352B03D30C0039FF71 /* RxDataSourceTestViewController.swift */; };
		C0F15E392B03DA330039FF71 /* RxDataSources in Frameworks */ = {isa = PBXBuildFile; productRef = C0F15E382B03DA330039FF71 /* RxDataSources */; };
		C0F15E3B2B04A55C0039FF71 /* TestTableViewCell.swift in Sources */ = {isa = PBXBuildFile; fileRef = C0F15E3A2B04A55C0039FF71 /* TestTableViewCell.swift */; };
		C0FE03A12B21D5C000C11AA6 /* SearchSection.swift in Sources */ = {isa = PBXBuildFile; fileRef = C0FE03A02B21D5C000C11AA6 /* SearchSection.swift */; };
		E81901919D61F427549F4429 /* Pods_AppStoreClone_AppStoreCloneUITests.framework in Frameworks */ = {isa = PBXBuildFile; fileRef = 5AB8D4207A16A4D88A1B42A4 /* Pods_AppStoreClone_AppStoreCloneUITests.framework */; };
/* End PBXBuildFile section */

/* Begin PBXContainerItemProxy section */
		C0B59D112AEF802100150DE9 /* PBXContainerItemProxy */ = {
			isa = PBXContainerItemProxy;
			containerPortal = C0B59CF22AEF802000150DE9 /* Project object */;
			proxyType = 1;
			remoteGlobalIDString = C0B59CF92AEF802000150DE9;
			remoteInfo = AppStoreClone;
		};
		C0B59D1B2AEF802100150DE9 /* PBXContainerItemProxy */ = {
			isa = PBXContainerItemProxy;
			containerPortal = C0B59CF22AEF802000150DE9 /* Project object */;
			proxyType = 1;
			remoteGlobalIDString = C0B59CF92AEF802000150DE9;
			remoteInfo = AppStoreClone;
		};
/* End PBXContainerItemProxy section */

/* Begin PBXFileReference section */
		07F23F5E8D5CFE35D1E934A0 /* Pods-AppStoreClone-AppStoreCloneUITests.debug.xcconfig */ = {isa = PBXFileReference; includeInIndex = 1; lastKnownFileType = text.xcconfig; name = "Pods-AppStoreClone-AppStoreCloneUITests.debug.xcconfig"; path = "Target Support Files/Pods-AppStoreClone-AppStoreCloneUITests/Pods-AppStoreClone-AppStoreCloneUITests.debug.xcconfig"; sourceTree = "<group>"; };
		110EAE8C611BE5921D4D3169 /* Pods-AppStoreClone.release.xcconfig */ = {isa = PBXFileReference; includeInIndex = 1; lastKnownFileType = text.xcconfig; name = "Pods-AppStoreClone.release.xcconfig"; path = "Target Support Files/Pods-AppStoreClone/Pods-AppStoreClone.release.xcconfig"; sourceTree = "<group>"; };
		3A83C14F89A2D0E0C279FAF8 /* Pods_AppStoreClone.framework */ = {isa = PBXFileReference; explicitFileType = wrapper.framework; includeInIndex = 0; path = Pods_AppStoreClone.framework; sourceTree = BUILT_PRODUCTS_DIR; };
		5AB8D4207A16A4D88A1B42A4 /* Pods_AppStoreClone_AppStoreCloneUITests.framework */ = {isa = PBXFileReference; explicitFileType = wrapper.framework; includeInIndex = 0; path = Pods_AppStoreClone_AppStoreCloneUITests.framework; sourceTree = BUILT_PRODUCTS_DIR; };
		7200D041E5C1A4527182AA67 /* Pods-AppStoreClone.debug.xcconfig */ = {isa = PBXFileReference; includeInIndex = 1; lastKnownFileType = text.xcconfig; name = "Pods-AppStoreClone.debug.xcconfig"; path = "Target Support Files/Pods-AppStoreClone/Pods-AppStoreClone.debug.xcconfig"; sourceTree = "<group>"; };
		9A8DE67DC03E735D564542FD /* Pods_AppStoreCloneTests.framework */ = {isa = PBXFileReference; explicitFileType = wrapper.framework; includeInIndex = 0; path = Pods_AppStoreCloneTests.framework; sourceTree = BUILT_PRODUCTS_DIR; };
		A4BFFA2630CC86C89D7D8618 /* Pods-AppStoreCloneTests.debug.xcconfig */ = {isa = PBXFileReference; includeInIndex = 1; lastKnownFileType = text.xcconfig; name = "Pods-AppStoreCloneTests.debug.xcconfig"; path = "Target Support Files/Pods-AppStoreCloneTests/Pods-AppStoreCloneTests.debug.xcconfig"; sourceTree = "<group>"; };
		AA69F34666DE542A0044287F /* Pods-AppStoreClone-AppStoreCloneUITests.release.xcconfig */ = {isa = PBXFileReference; includeInIndex = 1; lastKnownFileType = text.xcconfig; name = "Pods-AppStoreClone-AppStoreCloneUITests.release.xcconfig"; path = "Target Support Files/Pods-AppStoreClone-AppStoreCloneUITests/Pods-AppStoreClone-AppStoreCloneUITests.release.xcconfig"; sourceTree = "<group>"; };
		C0257DE52AF60B8C0041BDAF /* AppInfoEntity+.swift */ = {isa = PBXFileReference; lastKnownFileType = sourcecode.swift; path = "AppInfoEntity+.swift"; sourceTree = "<group>"; };
		C05EA6252AFCB62D00CA9B9C /* DetailViewController.swift */ = {isa = PBXFileReference; lastKnownFileType = sourcecode.swift; path = DetailViewController.swift; sourceTree = "<group>"; };
		C05EA6272AFD0AF200CA9B9C /* ScreenShotCollectionViewCell.swift */ = {isa = PBXFileReference; lastKnownFileType = sourcecode.swift; path = ScreenShotCollectionViewCell.swift; sourceTree = "<group>"; };
		C05EA6292AFD4AB800CA9B9C /* TestViewController.swift */ = {isa = PBXFileReference; lastKnownFileType = sourcecode.swift; path = TestViewController.swift; sourceTree = "<group>"; };
		C0B59CFA2AEF802000150DE9 /* AppStoreClone.app */ = {isa = PBXFileReference; explicitFileType = wrapper.application; includeInIndex = 0; path = AppStoreClone.app; sourceTree = BUILT_PRODUCTS_DIR; };
		C0B59CFD2AEF802000150DE9 /* AppDelegate.swift */ = {isa = PBXFileReference; lastKnownFileType = sourcecode.swift; path = AppDelegate.swift; sourceTree = "<group>"; };
		C0B59CFF2AEF802000150DE9 /* SceneDelegate.swift */ = {isa = PBXFileReference; lastKnownFileType = sourcecode.swift; path = SceneDelegate.swift; sourceTree = "<group>"; };
		C0B59D012AEF802000150DE9 /* SearchViewController.swift */ = {isa = PBXFileReference; lastKnownFileType = sourcecode.swift; path = SearchViewController.swift; sourceTree = "<group>"; };
		C0B59D062AEF802100150DE9 /* Assets.xcassets */ = {isa = PBXFileReference; lastKnownFileType = folder.assetcatalog; path = Assets.xcassets; sourceTree = "<group>"; };
		C0B59D092AEF802100150DE9 /* Base */ = {isa = PBXFileReference; lastKnownFileType = file.storyboard; name = Base; path = Base.lproj/LaunchScreen.storyboard; sourceTree = "<group>"; };
		C0B59D0B2AEF802100150DE9 /* Info.plist */ = {isa = PBXFileReference; lastKnownFileType = text.plist.xml; path = Info.plist; sourceTree = "<group>"; };
		C0B59D102AEF802100150DE9 /* AppStoreCloneTests.xctest */ = {isa = PBXFileReference; explicitFileType = wrapper.cfbundle; includeInIndex = 0; path = AppStoreCloneTests.xctest; sourceTree = BUILT_PRODUCTS_DIR; };
		C0B59D142AEF802100150DE9 /* AppStoreCloneTests.swift */ = {isa = PBXFileReference; lastKnownFileType = sourcecode.swift; path = AppStoreCloneTests.swift; sourceTree = "<group>"; };
		C0B59D1A2AEF802100150DE9 /* AppStoreCloneUITests.xctest */ = {isa = PBXFileReference; explicitFileType = wrapper.cfbundle; includeInIndex = 0; path = AppStoreCloneUITests.xctest; sourceTree = BUILT_PRODUCTS_DIR; };
		C0B59D1E2AEF802100150DE9 /* AppStoreCloneUITests.swift */ = {isa = PBXFileReference; lastKnownFileType = sourcecode.swift; path = AppStoreCloneUITests.swift; sourceTree = "<group>"; };
		C0B59D202AEF802100150DE9 /* AppStoreCloneUITestsLaunchTests.swift */ = {isa = PBXFileReference; lastKnownFileType = sourcecode.swift; path = AppStoreCloneUITestsLaunchTests.swift; sourceTree = "<group>"; };
		C0B59D3B2AF0FC2500150DE9 /* SearchViewReactor.swift */ = {isa = PBXFileReference; lastKnownFileType = sourcecode.swift; path = SearchViewReactor.swift; sourceTree = "<group>"; };
		C0B59D3D2AF2BAB500150DE9 /* AppListTableViewCell.swift */ = {isa = PBXFileReference; lastKnownFileType = sourcecode.swift; path = AppListTableViewCell.swift; sourceTree = "<group>"; };
		C0B59D3F2AF3782400150DE9 /* Networking.swift */ = {isa = PBXFileReference; lastKnownFileType = sourcecode.swift; path = Networking.swift; sourceTree = "<group>"; };
		C0B59D412AF38F7F00150DE9 /* Entitys.swift */ = {isa = PBXFileReference; lastKnownFileType = sourcecode.swift; path = Entitys.swift; sourceTree = "<group>"; };
		C0B59D432AF38FA500150DE9 /* ApiTargetType.swift */ = {isa = PBXFileReference; lastKnownFileType = sourcecode.swift; path = ApiTargetType.swift; sourceTree = "<group>"; };
		C0F15E292B0206ED0039FF71 /* SearchViewUsecase.swift */ = {isa = PBXFileReference; lastKnownFileType = sourcecode.swift; path = SearchViewUsecase.swift; sourceTree = "<group>"; };
		C0F15E2C2B02367A0039FF71 /* SearchRepository.swift */ = {isa = PBXFileReference; lastKnownFileType = sourcecode.swift; path = SearchRepository.swift; sourceTree = "<group>"; };
		C0F15E302B024B870039FF71 /* AppRouter.swift */ = {isa = PBXFileReference; lastKnownFileType = sourcecode.swift; path = AppRouter.swift; sourceTree = "<group>"; };
		C0F15E352B03D30C0039FF71 /* RxDataSourceTestViewController.swift */ = {isa = PBXFileReference; lastKnownFileType = sourcecode.swift; path = RxDataSourceTestViewController.swift; sourceTree = "<group>"; };
		C0F15E3A2B04A55C0039FF71 /* TestTableViewCell.swift */ = {isa = PBXFileReference; lastKnownFileType = sourcecode.swift; path = TestTableViewCell.swift; sourceTree = "<group>"; };
		C0FE03A02B21D5C000C11AA6 /* SearchSection.swift */ = {isa = PBXFileReference; lastKnownFileType = sourcecode.swift; path = SearchSection.swift; sourceTree = "<group>"; };
		E04A916183BC7B222596FDD4 /* Pods-AppStoreCloneTests.release.xcconfig */ = {isa = PBXFileReference; includeInIndex = 1; lastKnownFileType = text.xcconfig; name = "Pods-AppStoreCloneTests.release.xcconfig"; path = "Target Support Files/Pods-AppStoreCloneTests/Pods-AppStoreCloneTests.release.xcconfig"; sourceTree = "<group>"; };
/* End PBXFileReference section */

/* Begin PBXFrameworksBuildPhase section */
		C0B59CF72AEF802000150DE9 /* Frameworks */ = {
			isa = PBXFrameworksBuildPhase;
			buildActionMask = 2147483647;
			files = (
				C0F15E1F2AFE11460039FF71 /* Kingfisher in Frameworks */,
				C0B59D352AF0FBF500150DE9 /* RxCocoa in Frameworks */,
				C0B59D2F2AEF8D3D00150DE9 /* SnapKit in Frameworks */,
				C0B59D372AF0FBF500150DE9 /* RxSwift in Frameworks */,
				C0F15E392B03DA330039FF71 /* RxDataSources in Frameworks */,
				C0B59D3A2AF0FBFF00150DE9 /* ReactorKit in Frameworks */,
				C0B59D322AEF8D4500150DE9 /* Then in Frameworks */,
				53EB3E41BF0D3440B24E6373 /* Pods_AppStoreClone.framework in Frameworks */,
			);
			runOnlyForDeploymentPostprocessing = 0;
		};
		C0B59D0D2AEF802100150DE9 /* Frameworks */ = {
			isa = PBXFrameworksBuildPhase;
			buildActionMask = 2147483647;
			files = (
				C0257DE42AF4E6A30041BDAF /* RxCocoa in Frameworks */,
				C0257DE82AF632F70041BDAF /* RxBlocking in Frameworks */,
				C0257DE22AF4D5150041BDAF /* RxSwift in Frameworks */,
				C0257DE02AF4D5100041BDAF /* RxTest in Frameworks */,
				3838D3311BF18D9BC4D30AEF /* Pods_AppStoreCloneTests.framework in Frameworks */,
			);
			runOnlyForDeploymentPostprocessing = 0;
		};
		C0B59D172AEF802100150DE9 /* Frameworks */ = {
			isa = PBXFrameworksBuildPhase;
			buildActionMask = 2147483647;
			files = (
				E81901919D61F427549F4429 /* Pods_AppStoreClone_AppStoreCloneUITests.framework in Frameworks */,
			);
			runOnlyForDeploymentPostprocessing = 0;
		};
/* End PBXFrameworksBuildPhase section */

/* Begin PBXGroup section */
		C0257DDA2AF4D4CD0041BDAF /* Frameworks */ = {
			isa = PBXGroup;
			children = (
				3A83C14F89A2D0E0C279FAF8 /* Pods_AppStoreClone.framework */,
				5AB8D4207A16A4D88A1B42A4 /* Pods_AppStoreClone_AppStoreCloneUITests.framework */,
				9A8DE67DC03E735D564542FD /* Pods_AppStoreCloneTests.framework */,
			);
			name = Frameworks;
			sourceTree = "<group>";
		};
		C0B59CF12AEF802000150DE9 = {
			isa = PBXGroup;
			children = (
				C0B59CFC2AEF802000150DE9 /* AppStoreClone */,
				C0B59D132AEF802100150DE9 /* AppStoreCloneTests */,
				C0B59D1D2AEF802100150DE9 /* AppStoreCloneUITests */,
				C0B59CFB2AEF802000150DE9 /* Products */,
				C0257DDA2AF4D4CD0041BDAF /* Frameworks */,
				DCDD7B3B03F5C8BAA8690883 /* Pods */,
			);
			sourceTree = "<group>";
		};
		C0B59CFB2AEF802000150DE9 /* Products */ = {
			isa = PBXGroup;
			children = (
				C0B59CFA2AEF802000150DE9 /* AppStoreClone.app */,
				C0B59D102AEF802100150DE9 /* AppStoreCloneTests.xctest */,
				C0B59D1A2AEF802100150DE9 /* AppStoreCloneUITests.xctest */,
			);
			name = Products;
			sourceTree = "<group>";
		};
		C0B59CFC2AEF802000150DE9 /* AppStoreClone */ = {
			isa = PBXGroup;
			children = (
				C0F15E222B0204D30039FF71 /* SupportFiles */,
				C0F15E282B0205600039FF71 /* Entitys */,
				C0F15E2E2B024B6D0039FF71 /* Router */,
				C0F15E2B2B0236480039FF71 /* Repositories */,
				C0F15E262B0205410039FF71 /* Networking */,
				C0F15E202B02048A0039FF71 /* Scene */,
			);
			path = AppStoreClone;
			sourceTree = "<group>";
		};
		C0B59D132AEF802100150DE9 /* AppStoreCloneTests */ = {
			isa = PBXGroup;
			children = (
				C0B59D142AEF802100150DE9 /* AppStoreCloneTests.swift */,
				C0257DE52AF60B8C0041BDAF /* AppInfoEntity+.swift */,
			);
			path = AppStoreCloneTests;
			sourceTree = "<group>";
		};
		C0B59D1D2AEF802100150DE9 /* AppStoreCloneUITests */ = {
			isa = PBXGroup;
			children = (
				C0B59D1E2AEF802100150DE9 /* AppStoreCloneUITests.swift */,
				C0B59D202AEF802100150DE9 /* AppStoreCloneUITestsLaunchTests.swift */,
			);
			path = AppStoreCloneUITests;
			sourceTree = "<group>";
		};
		C0F15E202B02048A0039FF71 /* Scene */ = {
			isa = PBXGroup;
			children = (
				C0F15E232B0205030039FF71 /* Detail */,
				C0F15E212B0204B30039FF71 /* Search */,
				C0F15E272B0205510039FF71 /* Test */,
			);
			path = Scene;
			sourceTree = "<group>";
		};
		C0F15E212B0204B30039FF71 /* Search */ = {
			isa = PBXGroup;
			children = (
				C0F15E242B0205150039FF71 /* Cell */,
				C0B59D012AEF802000150DE9 /* SearchViewController.swift */,
				C0B59D3B2AF0FC2500150DE9 /* SearchViewReactor.swift */,
				C0F15E292B0206ED0039FF71 /* SearchViewUsecase.swift */,
				C0FE03A02B21D5C000C11AA6 /* SearchSection.swift */,
			);
			path = Search;
			sourceTree = "<group>";
		};
		C0F15E222B0204D30039FF71 /* SupportFiles */ = {
			isa = PBXGroup;
			children = (
				C0B59CFD2AEF802000150DE9 /* AppDelegate.swift */,
				C0B59CFF2AEF802000150DE9 /* SceneDelegate.swift */,
				C0B59D082AEF802100150DE9 /* LaunchScreen.storyboard */,
				C0B59D062AEF802100150DE9 /* Assets.xcassets */,
				C0B59D0B2AEF802100150DE9 /* Info.plist */,
			);
			path = SupportFiles;
			sourceTree = "<group>";
		};
		C0F15E232B0205030039FF71 /* Detail */ = {
			isa = PBXGroup;
			children = (
				C0F15E252B0205290039FF71 /* Cell */,
				C05EA6252AFCB62D00CA9B9C /* DetailViewController.swift */,
			);
			path = Detail;
			sourceTree = "<group>";
		};
		C0F15E242B0205150039FF71 /* Cell */ = {
			isa = PBXGroup;
			children = (
				C0B59D3D2AF2BAB500150DE9 /* AppListTableViewCell.swift */,
			);
			path = Cell;
			sourceTree = "<group>";
		};
		C0F15E252B0205290039FF71 /* Cell */ = {
			isa = PBXGroup;
			children = (
				C05EA6272AFD0AF200CA9B9C /* ScreenShotCollectionViewCell.swift */,
			);
			path = Cell;
			sourceTree = "<group>";
		};
		C0F15E262B0205410039FF71 /* Networking */ = {
			isa = PBXGroup;
			children = (
				C0B59D3F2AF3782400150DE9 /* Networking.swift */,
				C0B59D432AF38FA500150DE9 /* ApiTargetType.swift */,
			);
			path = Networking;
			sourceTree = "<group>";
		};
		C0F15E272B0205510039FF71 /* Test */ = {
			isa = PBXGroup;
			children = (
				C05EA6292AFD4AB800CA9B9C /* TestViewController.swift */,
				C0F15E352B03D30C0039FF71 /* RxDataSourceTestViewController.swift */,
				C0F15E3A2B04A55C0039FF71 /* TestTableViewCell.swift */,
			);
			path = Test;
			sourceTree = "<group>";
		};
		C0F15E282B0205600039FF71 /* Entitys */ = {
			isa = PBXGroup;
			children = (
				C0B59D412AF38F7F00150DE9 /* Entitys.swift */,
			);
			path = Entitys;
			sourceTree = "<group>";
		};
		C0F15E2B2B0236480039FF71 /* Repositories */ = {
			isa = PBXGroup;
			children = (
				C0F15E2C2B02367A0039FF71 /* SearchRepository.swift */,
			);
			path = Repositories;
			sourceTree = "<group>";
		};
		C0F15E2E2B024B6D0039FF71 /* Router */ = {
			isa = PBXGroup;
			children = (
				C0F15E302B024B870039FF71 /* AppRouter.swift */,
			);
			path = Router;
			sourceTree = "<group>";
		};
		DCDD7B3B03F5C8BAA8690883 /* Pods */ = {
			isa = PBXGroup;
			children = (
				7200D041E5C1A4527182AA67 /* Pods-AppStoreClone.debug.xcconfig */,
				110EAE8C611BE5921D4D3169 /* Pods-AppStoreClone.release.xcconfig */,
				07F23F5E8D5CFE35D1E934A0 /* Pods-AppStoreClone-AppStoreCloneUITests.debug.xcconfig */,
				AA69F34666DE542A0044287F /* Pods-AppStoreClone-AppStoreCloneUITests.release.xcconfig */,
				A4BFFA2630CC86C89D7D8618 /* Pods-AppStoreCloneTests.debug.xcconfig */,
				E04A916183BC7B222596FDD4 /* Pods-AppStoreCloneTests.release.xcconfig */,
			);
			name = Pods;
			path = Pods;
			sourceTree = "<group>";
		};
/* End PBXGroup section */

/* Begin PBXNativeTarget section */
		C0B59CF92AEF802000150DE9 /* AppStoreClone */ = {
			isa = PBXNativeTarget;
			buildConfigurationList = C0B59D242AEF802100150DE9 /* Build configuration list for PBXNativeTarget "AppStoreClone" */;
			buildPhases = (
				11F99CA99399B51E979DCF10 /* [CP] Check Pods Manifest.lock */,
				C0B59CF62AEF802000150DE9 /* Sources */,
				C0B59CF72AEF802000150DE9 /* Frameworks */,
				C0B59CF82AEF802000150DE9 /* Resources */,
				320D1C4A895330FD11D516AF /* [CP] Embed Pods Frameworks */,
			);
			buildRules = (
			);
			dependencies = (
			);
			name = AppStoreClone;
			packageProductDependencies = (
				C0B59D2E2AEF8D3D00150DE9 /* SnapKit */,
				C0B59D312AEF8D4500150DE9 /* Then */,
				C0B59D342AF0FBF500150DE9 /* RxCocoa */,
				C0B59D362AF0FBF500150DE9 /* RxSwift */,
				C0B59D392AF0FBFF00150DE9 /* ReactorKit */,
				C0F15E1E2AFE11460039FF71 /* Kingfisher */,
				C0F15E382B03DA330039FF71 /* RxDataSources */,
			);
			productName = AppStoreClone;
			productReference = C0B59CFA2AEF802000150DE9 /* AppStoreClone.app */;
			productType = "com.apple.product-type.application";
		};
		C0B59D0F2AEF802100150DE9 /* AppStoreCloneTests */ = {
			isa = PBXNativeTarget;
			buildConfigurationList = C0B59D272AEF802100150DE9 /* Build configuration list for PBXNativeTarget "AppStoreCloneTests" */;
			buildPhases = (
				6F5B8FB35A8312611624211F /* [CP] Check Pods Manifest.lock */,
				C0B59D0C2AEF802100150DE9 /* Sources */,
				C0B59D0D2AEF802100150DE9 /* Frameworks */,
				C0B59D0E2AEF802100150DE9 /* Resources */,
			);
			buildRules = (
			);
			dependencies = (
				C0B59D122AEF802100150DE9 /* PBXTargetDependency */,
			);
			name = AppStoreCloneTests;
			packageProductDependencies = (
				C0257DDF2AF4D5100041BDAF /* RxTest */,
				C0257DE12AF4D5150041BDAF /* RxSwift */,
				C0257DE32AF4E6A30041BDAF /* RxCocoa */,
				C0257DE72AF632F70041BDAF /* RxBlocking */,
			);
			productName = AppStoreCloneTests;
			productReference = C0B59D102AEF802100150DE9 /* AppStoreCloneTests.xctest */;
			productType = "com.apple.product-type.bundle.unit-test";
		};
		C0B59D192AEF802100150DE9 /* AppStoreCloneUITests */ = {
			isa = PBXNativeTarget;
			buildConfigurationList = C0B59D2A2AEF802100150DE9 /* Build configuration list for PBXNativeTarget "AppStoreCloneUITests" */;
			buildPhases = (
				86F11FB7CB4B2E96B6DF71FE /* [CP] Check Pods Manifest.lock */,
				C0B59D162AEF802100150DE9 /* Sources */,
				C0B59D172AEF802100150DE9 /* Frameworks */,
				C0B59D182AEF802100150DE9 /* Resources */,
				CD86D220C6391FB744453D27 /* [CP] Embed Pods Frameworks */,
			);
			buildRules = (
			);
			dependencies = (
				C0B59D1C2AEF802100150DE9 /* PBXTargetDependency */,
			);
			name = AppStoreCloneUITests;
			productName = AppStoreCloneUITests;
			productReference = C0B59D1A2AEF802100150DE9 /* AppStoreCloneUITests.xctest */;
			productType = "com.apple.product-type.bundle.ui-testing";
		};
/* End PBXNativeTarget section */

/* Begin PBXProject section */
		C0B59CF22AEF802000150DE9 /* Project object */ = {
			isa = PBXProject;
			attributes = {
				BuildIndependentTargetsInParallel = 1;
				LastSwiftUpdateCheck = 1430;
				LastUpgradeCheck = 1430;
				TargetAttributes = {
					C0B59CF92AEF802000150DE9 = {
						CreatedOnToolsVersion = 14.3.1;
					};
					C0B59D0F2AEF802100150DE9 = {
						CreatedOnToolsVersion = 14.3.1;
						TestTargetID = C0B59CF92AEF802000150DE9;
					};
					C0B59D192AEF802100150DE9 = {
						CreatedOnToolsVersion = 14.3.1;
						TestTargetID = C0B59CF92AEF802000150DE9;
					};
				};
			};
			buildConfigurationList = C0B59CF52AEF802000150DE9 /* Build configuration list for PBXProject "AppStoreClone" */;
			compatibilityVersion = "Xcode 14.0";
			developmentRegion = en;
			hasScannedForEncodings = 0;
			knownRegions = (
				en,
				Base,
			);
			mainGroup = C0B59CF12AEF802000150DE9;
			packageReferences = (
				C0B59D2D2AEF8D3D00150DE9 /* XCRemoteSwiftPackageReference "SnapKit.git" */,
				C0B59D302AEF8D4500150DE9 /* XCRemoteSwiftPackageReference "Then.git" */,
				C0B59D332AF0FBF500150DE9 /* XCRemoteSwiftPackageReference "RxSwift.git" */,
				C0B59D382AF0FBFF00150DE9 /* XCRemoteSwiftPackageReference "ReactorKit.git" */,
				C0F15E1D2AFE11460039FF71 /* XCRemoteSwiftPackageReference "Kingfisher.git" */,
				C0F15E372B03DA330039FF71 /* XCRemoteSwiftPackageReference "RxDataSources.git" */,
			);
			productRefGroup = C0B59CFB2AEF802000150DE9 /* Products */;
			projectDirPath = "";
			projectRoot = "";
			targets = (
				C0B59CF92AEF802000150DE9 /* AppStoreClone */,
				C0B59D0F2AEF802100150DE9 /* AppStoreCloneTests */,
				C0B59D192AEF802100150DE9 /* AppStoreCloneUITests */,
			);
		};
/* End PBXProject section */

/* Begin PBXResourcesBuildPhase section */
		C0B59CF82AEF802000150DE9 /* Resources */ = {
			isa = PBXResourcesBuildPhase;
			buildActionMask = 2147483647;
			files = (
				C0B59D0A2AEF802100150DE9 /* LaunchScreen.storyboard in Resources */,
				C0B59D072AEF802100150DE9 /* Assets.xcassets in Resources */,
			);
			runOnlyForDeploymentPostprocessing = 0;
		};
		C0B59D0E2AEF802100150DE9 /* Resources */ = {
			isa = PBXResourcesBuildPhase;
			buildActionMask = 2147483647;
			files = (
			);
			runOnlyForDeploymentPostprocessing = 0;
		};
		C0B59D182AEF802100150DE9 /* Resources */ = {
			isa = PBXResourcesBuildPhase;
			buildActionMask = 2147483647;
			files = (
			);
			runOnlyForDeploymentPostprocessing = 0;
		};
/* End PBXResourcesBuildPhase section */

/* Begin PBXShellScriptBuildPhase section */
		11F99CA99399B51E979DCF10 /* [CP] Check Pods Manifest.lock */ = {
			isa = PBXShellScriptBuildPhase;
			buildActionMask = 2147483647;
			files = (
			);
			inputFileListPaths = (
			);
			inputPaths = (
				"${PODS_PODFILE_DIR_PATH}/Podfile.lock",
				"${PODS_ROOT}/Manifest.lock",
			);
			name = "[CP] Check Pods Manifest.lock";
			outputFileListPaths = (
			);
			outputPaths = (
				"$(DERIVED_FILE_DIR)/Pods-AppStoreClone-checkManifestLockResult.txt",
			);
			runOnlyForDeploymentPostprocessing = 0;
			shellPath = /bin/sh;
			shellScript = "diff \"${PODS_PODFILE_DIR_PATH}/Podfile.lock\" \"${PODS_ROOT}/Manifest.lock\" > /dev/null\nif [ $? != 0 ] ; then\n    # print error to STDERR\n    echo \"error: The sandbox is not in sync with the Podfile.lock. Run 'pod install' or update your CocoaPods installation.\" >&2\n    exit 1\nfi\n# This output is used by Xcode 'outputs' to avoid re-running this script phase.\necho \"SUCCESS\" > \"${SCRIPT_OUTPUT_FILE_0}\"\n";
			showEnvVarsInLog = 0;
		};
		320D1C4A895330FD11D516AF /* [CP] Embed Pods Frameworks */ = {
			isa = PBXShellScriptBuildPhase;
			buildActionMask = 2147483647;
			files = (
			);
			inputFileListPaths = (
				"${PODS_ROOT}/Target Support Files/Pods-AppStoreClone/Pods-AppStoreClone-frameworks-${CONFIGURATION}-input-files.xcfilelist",
			);
			name = "[CP] Embed Pods Frameworks";
			outputFileListPaths = (
				"${PODS_ROOT}/Target Support Files/Pods-AppStoreClone/Pods-AppStoreClone-frameworks-${CONFIGURATION}-output-files.xcfilelist",
			);
			runOnlyForDeploymentPostprocessing = 0;
			shellPath = /bin/sh;
			shellScript = "\"${PODS_ROOT}/Target Support Files/Pods-AppStoreClone/Pods-AppStoreClone-frameworks.sh\"\n";
			showEnvVarsInLog = 0;
		};
		6F5B8FB35A8312611624211F /* [CP] Check Pods Manifest.lock */ = {
			isa = PBXShellScriptBuildPhase;
			buildActionMask = 2147483647;
			files = (
			);
			inputFileListPaths = (
			);
			inputPaths = (
				"${PODS_PODFILE_DIR_PATH}/Podfile.lock",
				"${PODS_ROOT}/Manifest.lock",
			);
			name = "[CP] Check Pods Manifest.lock";
			outputFileListPaths = (
			);
			outputPaths = (
				"$(DERIVED_FILE_DIR)/Pods-AppStoreCloneTests-checkManifestLockResult.txt",
			);
			runOnlyForDeploymentPostprocessing = 0;
			shellPath = /bin/sh;
			shellScript = "diff \"${PODS_PODFILE_DIR_PATH}/Podfile.lock\" \"${PODS_ROOT}/Manifest.lock\" > /dev/null\nif [ $? != 0 ] ; then\n    # print error to STDERR\n    echo \"error: The sandbox is not in sync with the Podfile.lock. Run 'pod install' or update your CocoaPods installation.\" >&2\n    exit 1\nfi\n# This output is used by Xcode 'outputs' to avoid re-running this script phase.\necho \"SUCCESS\" > \"${SCRIPT_OUTPUT_FILE_0}\"\n";
			showEnvVarsInLog = 0;
		};
		86F11FB7CB4B2E96B6DF71FE /* [CP] Check Pods Manifest.lock */ = {
			isa = PBXShellScriptBuildPhase;
			buildActionMask = 2147483647;
			files = (
			);
			inputFileListPaths = (
			);
			inputPaths = (
				"${PODS_PODFILE_DIR_PATH}/Podfile.lock",
				"${PODS_ROOT}/Manifest.lock",
			);
			name = "[CP] Check Pods Manifest.lock";
			outputFileListPaths = (
			);
			outputPaths = (
				"$(DERIVED_FILE_DIR)/Pods-AppStoreClone-AppStoreCloneUITests-checkManifestLockResult.txt",
			);
			runOnlyForDeploymentPostprocessing = 0;
			shellPath = /bin/sh;
			shellScript = "diff \"${PODS_PODFILE_DIR_PATH}/Podfile.lock\" \"${PODS_ROOT}/Manifest.lock\" > /dev/null\nif [ $? != 0 ] ; then\n    # print error to STDERR\n    echo \"error: The sandbox is not in sync with the Podfile.lock. Run 'pod install' or update your CocoaPods installation.\" >&2\n    exit 1\nfi\n# This output is used by Xcode 'outputs' to avoid re-running this script phase.\necho \"SUCCESS\" > \"${SCRIPT_OUTPUT_FILE_0}\"\n";
			showEnvVarsInLog = 0;
		};
		CD86D220C6391FB744453D27 /* [CP] Embed Pods Frameworks */ = {
			isa = PBXShellScriptBuildPhase;
			buildActionMask = 2147483647;
			files = (
			);
			inputFileListPaths = (
				"${PODS_ROOT}/Target Support Files/Pods-AppStoreClone-AppStoreCloneUITests/Pods-AppStoreClone-AppStoreCloneUITests-frameworks-${CONFIGURATION}-input-files.xcfilelist",
			);
			name = "[CP] Embed Pods Frameworks";
			outputFileListPaths = (
				"${PODS_ROOT}/Target Support Files/Pods-AppStoreClone-AppStoreCloneUITests/Pods-AppStoreClone-AppStoreCloneUITests-frameworks-${CONFIGURATION}-output-files.xcfilelist",
			);
			runOnlyForDeploymentPostprocessing = 0;
			shellPath = /bin/sh;
			shellScript = "\"${PODS_ROOT}/Target Support Files/Pods-AppStoreClone-AppStoreCloneUITests/Pods-AppStoreClone-AppStoreCloneUITests-frameworks.sh\"\n";
			showEnvVarsInLog = 0;
		};
/* End PBXShellScriptBuildPhase section */

/* Begin PBXSourcesBuildPhase section */
		C0B59CF62AEF802000150DE9 /* Sources */ = {
			isa = PBXSourcesBuildPhase;
			buildActionMask = 2147483647;
			files = (
				C0F15E2A2B0206ED0039FF71 /* SearchViewUsecase.swift in Sources */,
				C05EA6262AFCB62D00CA9B9C /* DetailViewController.swift in Sources */,
				C0B59D3C2AF0FC2500150DE9 /* SearchViewReactor.swift in Sources */,
				C05EA62A2AFD4AB800CA9B9C /* TestViewController.swift in Sources */,
				C0F15E362B03D30C0039FF71 /* RxDataSourceTestViewController.swift in Sources */,
				C0F15E3B2B04A55C0039FF71 /* TestTableViewCell.swift in Sources */,
				C0F15E312B024B870039FF71 /* AppRouter.swift in Sources */,
				C05EA6282AFD0AF200CA9B9C /* ScreenShotCollectionViewCell.swift in Sources */,
				C0B59D442AF38FA500150DE9 /* ApiTargetType.swift in Sources */,
				C0F15E2D2B02367A0039FF71 /* SearchRepository.swift in Sources */,
				C0B59D3E2AF2BAB500150DE9 /* AppListTableViewCell.swift in Sources */,
				C0B59D022AEF802000150DE9 /* SearchViewController.swift in Sources */,
				C0B59D402AF3782400150DE9 /* Networking.swift in Sources */,
				C0B59CFE2AEF802000150DE9 /* AppDelegate.swift in Sources */,
				C0FE03A12B21D5C000C11AA6 /* SearchSection.swift in Sources */,
				C0B59D422AF38F7F00150DE9 /* Entitys.swift in Sources */,
				C0B59D002AEF802000150DE9 /* SceneDelegate.swift in Sources */,
			);
			runOnlyForDeploymentPostprocessing = 0;
		};
		C0B59D0C2AEF802100150DE9 /* Sources */ = {
			isa = PBXSourcesBuildPhase;
			buildActionMask = 2147483647;
			files = (
				C0257DE62AF60B8C0041BDAF /* AppInfoEntity+.swift in Sources */,
				C0B59D152AEF802100150DE9 /* AppStoreCloneTests.swift in Sources */,
			);
			runOnlyForDeploymentPostprocessing = 0;
		};
		C0B59D162AEF802100150DE9 /* Sources */ = {
			isa = PBXSourcesBuildPhase;
			buildActionMask = 2147483647;
			files = (
				C0B59D212AEF802100150DE9 /* AppStoreCloneUITestsLaunchTests.swift in Sources */,
				C0B59D1F2AEF802100150DE9 /* AppStoreCloneUITests.swift in Sources */,
			);
			runOnlyForDeploymentPostprocessing = 0;
		};
/* End PBXSourcesBuildPhase section */

/* Begin PBXTargetDependency section */
		C0B59D122AEF802100150DE9 /* PBXTargetDependency */ = {
			isa = PBXTargetDependency;
			target = C0B59CF92AEF802000150DE9 /* AppStoreClone */;
			targetProxy = C0B59D112AEF802100150DE9 /* PBXContainerItemProxy */;
		};
		C0B59D1C2AEF802100150DE9 /* PBXTargetDependency */ = {
			isa = PBXTargetDependency;
			target = C0B59CF92AEF802000150DE9 /* AppStoreClone */;
			targetProxy = C0B59D1B2AEF802100150DE9 /* PBXContainerItemProxy */;
		};
/* End PBXTargetDependency section */

/* Begin PBXVariantGroup section */
		C0B59D082AEF802100150DE9 /* LaunchScreen.storyboard */ = {
			isa = PBXVariantGroup;
			children = (
				C0B59D092AEF802100150DE9 /* Base */,
			);
			name = LaunchScreen.storyboard;
			sourceTree = "<group>";
		};
/* End PBXVariantGroup section */

/* Begin XCBuildConfiguration section */
		C0B59D222AEF802100150DE9 /* Debug */ = {
			isa = XCBuildConfiguration;
			buildSettings = {
				ALWAYS_SEARCH_USER_PATHS = NO;
				CLANG_ANALYZER_NONNULL = YES;
				CLANG_ANALYZER_NUMBER_OBJECT_CONVERSION = YES_AGGRESSIVE;
				CLANG_CXX_LANGUAGE_STANDARD = "gnu++20";
				CLANG_ENABLE_MODULES = YES;
				CLANG_ENABLE_OBJC_ARC = YES;
				CLANG_ENABLE_OBJC_WEAK = YES;
				CLANG_WARN_BLOCK_CAPTURE_AUTORELEASING = YES;
				CLANG_WARN_BOOL_CONVERSION = YES;
				CLANG_WARN_COMMA = YES;
				CLANG_WARN_CONSTANT_CONVERSION = YES;
				CLANG_WARN_DEPRECATED_OBJC_IMPLEMENTATIONS = YES;
				CLANG_WARN_DIRECT_OBJC_ISA_USAGE = YES_ERROR;
				CLANG_WARN_DOCUMENTATION_COMMENTS = YES;
				CLANG_WARN_EMPTY_BODY = YES;
				CLANG_WARN_ENUM_CONVERSION = YES;
				CLANG_WARN_INFINITE_RECURSION = YES;
				CLANG_WARN_INT_CONVERSION = YES;
				CLANG_WARN_NON_LITERAL_NULL_CONVERSION = YES;
				CLANG_WARN_OBJC_IMPLICIT_RETAIN_SELF = YES;
				CLANG_WARN_OBJC_LITERAL_CONVERSION = YES;
				CLANG_WARN_OBJC_ROOT_CLASS = YES_ERROR;
				CLANG_WARN_QUOTED_INCLUDE_IN_FRAMEWORK_HEADER = YES;
				CLANG_WARN_RANGE_LOOP_ANALYSIS = YES;
				CLANG_WARN_STRICT_PROTOTYPES = YES;
				CLANG_WARN_SUSPICIOUS_MOVE = YES;
				CLANG_WARN_UNGUARDED_AVAILABILITY = YES_AGGRESSIVE;
				CLANG_WARN_UNREACHABLE_CODE = YES;
				CLANG_WARN__DUPLICATE_METHOD_MATCH = YES;
				COPY_PHASE_STRIP = NO;
				DEBUG_INFORMATION_FORMAT = dwarf;
				ENABLE_STRICT_OBJC_MSGSEND = YES;
				ENABLE_TESTABILITY = YES;
				GCC_C_LANGUAGE_STANDARD = gnu11;
				GCC_DYNAMIC_NO_PIC = NO;
				GCC_NO_COMMON_BLOCKS = YES;
				GCC_OPTIMIZATION_LEVEL = 0;
				GCC_PREPROCESSOR_DEFINITIONS = (
					"DEBUG=1",
					"$(inherited)",
				);
				GCC_WARN_64_TO_32_BIT_CONVERSION = YES;
				GCC_WARN_ABOUT_RETURN_TYPE = YES_ERROR;
				GCC_WARN_UNDECLARED_SELECTOR = YES;
				GCC_WARN_UNINITIALIZED_AUTOS = YES_AGGRESSIVE;
				GCC_WARN_UNUSED_FUNCTION = YES;
				GCC_WARN_UNUSED_VARIABLE = YES;
				IPHONEOS_DEPLOYMENT_TARGET = 16.4;
				MTL_ENABLE_DEBUG_INFO = INCLUDE_SOURCE;
				MTL_FAST_MATH = YES;
				ONLY_ACTIVE_ARCH = YES;
				SDKROOT = iphoneos;
				SWIFT_ACTIVE_COMPILATION_CONDITIONS = DEBUG;
				SWIFT_OPTIMIZATION_LEVEL = "-Onone";
			};
			name = Debug;
		};
		C0B59D232AEF802100150DE9 /* Release */ = {
			isa = XCBuildConfiguration;
			buildSettings = {
				ALWAYS_SEARCH_USER_PATHS = NO;
				CLANG_ANALYZER_NONNULL = YES;
				CLANG_ANALYZER_NUMBER_OBJECT_CONVERSION = YES_AGGRESSIVE;
				CLANG_CXX_LANGUAGE_STANDARD = "gnu++20";
				CLANG_ENABLE_MODULES = YES;
				CLANG_ENABLE_OBJC_ARC = YES;
				CLANG_ENABLE_OBJC_WEAK = YES;
				CLANG_WARN_BLOCK_CAPTURE_AUTORELEASING = YES;
				CLANG_WARN_BOOL_CONVERSION = YES;
				CLANG_WARN_COMMA = YES;
				CLANG_WARN_CONSTANT_CONVERSION = YES;
				CLANG_WARN_DEPRECATED_OBJC_IMPLEMENTATIONS = YES;
				CLANG_WARN_DIRECT_OBJC_ISA_USAGE = YES_ERROR;
				CLANG_WARN_DOCUMENTATION_COMMENTS = YES;
				CLANG_WARN_EMPTY_BODY = YES;
				CLANG_WARN_ENUM_CONVERSION = YES;
				CLANG_WARN_INFINITE_RECURSION = YES;
				CLANG_WARN_INT_CONVERSION = YES;
				CLANG_WARN_NON_LITERAL_NULL_CONVERSION = YES;
				CLANG_WARN_OBJC_IMPLICIT_RETAIN_SELF = YES;
				CLANG_WARN_OBJC_LITERAL_CONVERSION = YES;
				CLANG_WARN_OBJC_ROOT_CLASS = YES_ERROR;
				CLANG_WARN_QUOTED_INCLUDE_IN_FRAMEWORK_HEADER = YES;
				CLANG_WARN_RANGE_LOOP_ANALYSIS = YES;
				CLANG_WARN_STRICT_PROTOTYPES = YES;
				CLANG_WARN_SUSPICIOUS_MOVE = YES;
				CLANG_WARN_UNGUARDED_AVAILABILITY = YES_AGGRESSIVE;
				CLANG_WARN_UNREACHABLE_CODE = YES;
				CLANG_WARN__DUPLICATE_METHOD_MATCH = YES;
				COPY_PHASE_STRIP = NO;
				DEBUG_INFORMATION_FORMAT = "dwarf-with-dsym";
				ENABLE_NS_ASSERTIONS = NO;
				ENABLE_STRICT_OBJC_MSGSEND = YES;
				GCC_C_LANGUAGE_STANDARD = gnu11;
				GCC_NO_COMMON_BLOCKS = YES;
				GCC_WARN_64_TO_32_BIT_CONVERSION = YES;
				GCC_WARN_ABOUT_RETURN_TYPE = YES_ERROR;
				GCC_WARN_UNDECLARED_SELECTOR = YES;
				GCC_WARN_UNINITIALIZED_AUTOS = YES_AGGRESSIVE;
				GCC_WARN_UNUSED_FUNCTION = YES;
				GCC_WARN_UNUSED_VARIABLE = YES;
				IPHONEOS_DEPLOYMENT_TARGET = 16.4;
				MTL_ENABLE_DEBUG_INFO = NO;
				MTL_FAST_MATH = YES;
				SDKROOT = iphoneos;
				SWIFT_COMPILATION_MODE = wholemodule;
				SWIFT_OPTIMIZATION_LEVEL = "-O";
				VALIDATE_PRODUCT = YES;
			};
			name = Release;
		};
		C0B59D252AEF802100150DE9 /* Debug */ = {
			isa = XCBuildConfiguration;
			baseConfigurationReference = 7200D041E5C1A4527182AA67 /* Pods-AppStoreClone.debug.xcconfig */;
			buildSettings = {
				ASSETCATALOG_COMPILER_APPICON_NAME = AppIcon;
				ASSETCATALOG_COMPILER_GLOBAL_ACCENT_COLOR_NAME = AccentColor;
				CODE_SIGN_STYLE = Automatic;
				CURRENT_PROJECT_VERSION = 1;
				DEVELOPMENT_TEAM = U77SWC9NZT;
				GENERATE_INFOPLIST_FILE = YES;
				INFOPLIST_FILE = AppStoreClone/SupportFiles/Info.plist;
				INFOPLIST_KEY_UIApplicationSupportsIndirectInputEvents = YES;
				INFOPLIST_KEY_UILaunchStoryboardName = LaunchScreen;
				INFOPLIST_KEY_UIMainStoryboardFile = "";
				INFOPLIST_KEY_UISupportedInterfaceOrientations_iPad = "UIInterfaceOrientationPortrait UIInterfaceOrientationPortraitUpsideDown UIInterfaceOrientationLandscapeLeft UIInterfaceOrientationLandscapeRight";
				INFOPLIST_KEY_UISupportedInterfaceOrientations_iPhone = "UIInterfaceOrientationPortrait UIInterfaceOrientationLandscapeLeft UIInterfaceOrientationLandscapeRight";
				LD_RUNPATH_SEARCH_PATHS = (
					"$(inherited)",
					"@executable_path/Frameworks",
				);
				MARKETING_VERSION = 1.0;
				PRODUCT_BUNDLE_IDENTIFIER = com.steven.AppStoreClone;
				PRODUCT_NAME = "$(TARGET_NAME)";
				SWIFT_EMIT_LOC_STRINGS = YES;
				SWIFT_VERSION = 5.0;
				TARGETED_DEVICE_FAMILY = "1,2";
			};
			name = Debug;
		};
		C0B59D262AEF802100150DE9 /* Release */ = {
			isa = XCBuildConfiguration;
			baseConfigurationReference = 110EAE8C611BE5921D4D3169 /* Pods-AppStoreClone.release.xcconfig */;
			buildSettings = {
				ASSETCATALOG_COMPILER_APPICON_NAME = AppIcon;
				ASSETCATALOG_COMPILER_GLOBAL_ACCENT_COLOR_NAME = AccentColor;
				CODE_SIGN_STYLE = Automatic;
				CURRENT_PROJECT_VERSION = 1;
				DEVELOPMENT_TEAM = U77SWC9NZT;
				GENERATE_INFOPLIST_FILE = YES;
				INFOPLIST_FILE = AppStoreClone/SupportFiles/Info.plist;
				INFOPLIST_KEY_UIApplicationSupportsIndirectInputEvents = YES;
				INFOPLIST_KEY_UILaunchStoryboardName = LaunchScreen;
				INFOPLIST_KEY_UIMainStoryboardFile = "";
				INFOPLIST_KEY_UISupportedInterfaceOrientations_iPad = "UIInterfaceOrientationPortrait UIInterfaceOrientationPortraitUpsideDown UIInterfaceOrientationLandscapeLeft UIInterfaceOrientationLandscapeRight";
				INFOPLIST_KEY_UISupportedInterfaceOrientations_iPhone = "UIInterfaceOrientationPortrait UIInterfaceOrientationLandscapeLeft UIInterfaceOrientationLandscapeRight";
				LD_RUNPATH_SEARCH_PATHS = (
					"$(inherited)",
					"@executable_path/Frameworks",
				);
				MARKETING_VERSION = 1.0;
				PRODUCT_BUNDLE_IDENTIFIER = com.steven.AppStoreClone;
				PRODUCT_NAME = "$(TARGET_NAME)";
				SWIFT_EMIT_LOC_STRINGS = YES;
				SWIFT_VERSION = 5.0;
				TARGETED_DEVICE_FAMILY = "1,2";
			};
			name = Release;
		};
		C0B59D282AEF802100150DE9 /* Debug */ = {
			isa = XCBuildConfiguration;
			baseConfigurationReference = A4BFFA2630CC86C89D7D8618 /* Pods-AppStoreCloneTests.debug.xcconfig */;
			buildSettings = {
				ALWAYS_EMBED_SWIFT_STANDARD_LIBRARIES = YES;
				BUNDLE_LOADER = "$(TEST_HOST)";
				CODE_SIGN_STYLE = Automatic;
				CURRENT_PROJECT_VERSION = 1;
				DEVELOPMENT_TEAM = U77SWC9NZT;
				GENERATE_INFOPLIST_FILE = YES;
				IPHONEOS_DEPLOYMENT_TARGET = 16.4;
				MARKETING_VERSION = 1.0;
				PRODUCT_BUNDLE_IDENTIFIER = com.steven.AppStoreCloneTests;
				PRODUCT_NAME = "$(TARGET_NAME)";
				SWIFT_EMIT_LOC_STRINGS = NO;
				SWIFT_VERSION = 5.0;
				TARGETED_DEVICE_FAMILY = "1,2";
				TEST_HOST = "$(BUILT_PRODUCTS_DIR)/AppStoreClone.app/$(BUNDLE_EXECUTABLE_FOLDER_PATH)/AppStoreClone";
			};
			name = Debug;
		};
		C0B59D292AEF802100150DE9 /* Release */ = {
			isa = XCBuildConfiguration;
			baseConfigurationReference = E04A916183BC7B222596FDD4 /* Pods-AppStoreCloneTests.release.xcconfig */;
			buildSettings = {
				ALWAYS_EMBED_SWIFT_STANDARD_LIBRARIES = YES;
				BUNDLE_LOADER = "$(TEST_HOST)";
				CODE_SIGN_STYLE = Automatic;
				CURRENT_PROJECT_VERSION = 1;
				DEVELOPMENT_TEAM = U77SWC9NZT;
				GENERATE_INFOPLIST_FILE = YES;
				IPHONEOS_DEPLOYMENT_TARGET = 16.4;
				MARKETING_VERSION = 1.0;
				PRODUCT_BUNDLE_IDENTIFIER = com.steven.AppStoreCloneTests;
				PRODUCT_NAME = "$(TARGET_NAME)";
				SWIFT_EMIT_LOC_STRINGS = NO;
				SWIFT_VERSION = 5.0;
				TARGETED_DEVICE_FAMILY = "1,2";
				TEST_HOST = "$(BUILT_PRODUCTS_DIR)/AppStoreClone.app/$(BUNDLE_EXECUTABLE_FOLDER_PATH)/AppStoreClone";
			};
			name = Release;
		};
		C0B59D2B2AEF802100150DE9 /* Debug */ = {
			isa = XCBuildConfiguration;
			baseConfigurationReference = 07F23F5E8D5CFE35D1E934A0 /* Pods-AppStoreClone-AppStoreCloneUITests.debug.xcconfig */;
			buildSettings = {
				ALWAYS_EMBED_SWIFT_STANDARD_LIBRARIES = YES;
				CODE_SIGN_STYLE = Automatic;
				CURRENT_PROJECT_VERSION = 1;
				DEVELOPMENT_TEAM = U77SWC9NZT;
				GENERATE_INFOPLIST_FILE = YES;
				MARKETING_VERSION = 1.0;
				PRODUCT_BUNDLE_IDENTIFIER = com.steven.AppStoreCloneUITests;
				PRODUCT_NAME = "$(TARGET_NAME)";
				SWIFT_EMIT_LOC_STRINGS = NO;
				SWIFT_VERSION = 5.0;
				TARGETED_DEVICE_FAMILY = "1,2";
				TEST_TARGET_NAME = AppStoreClone;
			};
			name = Debug;
		};
		C0B59D2C2AEF802100150DE9 /* Release */ = {
			isa = XCBuildConfiguration;
			baseConfigurationReference = AA69F34666DE542A0044287F /* Pods-AppStoreClone-AppStoreCloneUITests.release.xcconfig */;
			buildSettings = {
				ALWAYS_EMBED_SWIFT_STANDARD_LIBRARIES = YES;
				CODE_SIGN_STYLE = Automatic;
				CURRENT_PROJECT_VERSION = 1;
				DEVELOPMENT_TEAM = U77SWC9NZT;
				GENERATE_INFOPLIST_FILE = YES;
				MARKETING_VERSION = 1.0;
				PRODUCT_BUNDLE_IDENTIFIER = com.steven.AppStoreCloneUITests;
				PRODUCT_NAME = "$(TARGET_NAME)";
				SWIFT_EMIT_LOC_STRINGS = NO;
				SWIFT_VERSION = 5.0;
				TARGETED_DEVICE_FAMILY = "1,2";
				TEST_TARGET_NAME = AppStoreClone;
			};
			name = Release;
		};
/* End XCBuildConfiguration section */

/* Begin XCConfigurationList section */
		C0B59CF52AEF802000150DE9 /* Build configuration list for PBXProject "AppStoreClone" */ = {
			isa = XCConfigurationList;
			buildConfigurations = (
				C0B59D222AEF802100150DE9 /* Debug */,
				C0B59D232AEF802100150DE9 /* Release */,
			);
			defaultConfigurationIsVisible = 0;
			defaultConfigurationName = Release;
		};
		C0B59D242AEF802100150DE9 /* Build configuration list for PBXNativeTarget "AppStoreClone" */ = {
			isa = XCConfigurationList;
			buildConfigurations = (
				C0B59D252AEF802100150DE9 /* Debug */,
				C0B59D262AEF802100150DE9 /* Release */,
			);
			defaultConfigurationIsVisible = 0;
			defaultConfigurationName = Release;
		};
		C0B59D272AEF802100150DE9 /* Build configuration list for PBXNativeTarget "AppStoreCloneTests" */ = {
			isa = XCConfigurationList;
			buildConfigurations = (
				C0B59D282AEF802100150DE9 /* Debug */,
				C0B59D292AEF802100150DE9 /* Release */,
			);
			defaultConfigurationIsVisible = 0;
			defaultConfigurationName = Release;
		};
		C0B59D2A2AEF802100150DE9 /* Build configuration list for PBXNativeTarget "AppStoreCloneUITests" */ = {
			isa = XCConfigurationList;
			buildConfigurations = (
				C0B59D2B2AEF802100150DE9 /* Debug */,
				C0B59D2C2AEF802100150DE9 /* Release */,
			);
			defaultConfigurationIsVisible = 0;
			defaultConfigurationName = Release;
		};
/* End XCConfigurationList section */

/* Begin XCRemoteSwiftPackageReference section */
		C0B59D2D2AEF8D3D00150DE9 /* XCRemoteSwiftPackageReference "SnapKit.git" */ = {
			isa = XCRemoteSwiftPackageReference;
			repositoryURL = "https://github.com/SnapKit/SnapKit.git";
			requirement = {
				kind = upToNextMajorVersion;
				minimumVersion = 5.0.0;
			};
		};
		C0B59D302AEF8D4500150DE9 /* XCRemoteSwiftPackageReference "Then.git" */ = {
			isa = XCRemoteSwiftPackageReference;
			repositoryURL = "https://github.com/devxoul/Then.git";
			requirement = {
				kind = upToNextMajorVersion;
				minimumVersion = 3.0.0;
			};
		};
		C0B59D332AF0FBF500150DE9 /* XCRemoteSwiftPackageReference "RxSwift.git" */ = {
			isa = XCRemoteSwiftPackageReference;
			repositoryURL = "https://github.com/ReactiveX/RxSwift.git";
			requirement = {
				kind = upToNextMajorVersion;
				minimumVersion = 6.0.0;
			};
		};
		C0B59D382AF0FBFF00150DE9 /* XCRemoteSwiftPackageReference "ReactorKit.git" */ = {
			isa = XCRemoteSwiftPackageReference;
			repositoryURL = "https://github.com/ReactorKit/ReactorKit.git";
			requirement = {
				kind = upToNextMajorVersion;
				minimumVersion = 3.0.0;
			};
		};
		C0F15E1D2AFE11460039FF71 /* XCRemoteSwiftPackageReference "Kingfisher.git" */ = {
			isa = XCRemoteSwiftPackageReference;
			repositoryURL = "https://github.com/onevcat/Kingfisher.git";
			requirement = {
				kind = upToNextMajorVersion;
				minimumVersion = 7.0.0;
			};
		};
		C0F15E372B03DA330039FF71 /* XCRemoteSwiftPackageReference "RxDataSources.git" */ = {
			isa = XCRemoteSwiftPackageReference;
			repositoryURL = "https://github.com/RxSwiftCommunity/RxDataSources.git";
			requirement = {
				kind = upToNextMajorVersion;
				minimumVersion = 5.0.0;
			};
		};
/* End XCRemoteSwiftPackageReference section */

/* Begin XCSwiftPackageProductDependency section */
		C0257DDF2AF4D5100041BDAF /* RxTest */ = {
			isa = XCSwiftPackageProductDependency;
			package = C0B59D332AF0FBF500150DE9 /* XCRemoteSwiftPackageReference "RxSwift.git" */;
			productName = RxTest;
		};
		C0257DE12AF4D5150041BDAF /* RxSwift */ = {
			isa = XCSwiftPackageProductDependency;
			package = C0B59D332AF0FBF500150DE9 /* XCRemoteSwiftPackageReference "RxSwift.git" */;
			productName = RxSwift;
		};
		C0257DE32AF4E6A30041BDAF /* RxCocoa */ = {
			isa = XCSwiftPackageProductDependency;
			package = C0B59D332AF0FBF500150DE9 /* XCRemoteSwiftPackageReference "RxSwift.git" */;
			productName = RxCocoa;
		};
		C0257DE72AF632F70041BDAF /* RxBlocking */ = {
			isa = XCSwiftPackageProductDependency;
			package = C0B59D332AF0FBF500150DE9 /* XCRemoteSwiftPackageReference "RxSwift.git" */;
			productName = RxBlocking;
		};
		C0B59D2E2AEF8D3D00150DE9 /* SnapKit */ = {
			isa = XCSwiftPackageProductDependency;
			package = C0B59D2D2AEF8D3D00150DE9 /* XCRemoteSwiftPackageReference "SnapKit.git" */;
			productName = SnapKit;
		};
		C0B59D312AEF8D4500150DE9 /* Then */ = {
			isa = XCSwiftPackageProductDependency;
			package = C0B59D302AEF8D4500150DE9 /* XCRemoteSwiftPackageReference "Then.git" */;
			productName = Then;
		};
		C0B59D342AF0FBF500150DE9 /* RxCocoa */ = {
			isa = XCSwiftPackageProductDependency;
			package = C0B59D332AF0FBF500150DE9 /* XCRemoteSwiftPackageReference "RxSwift.git" */;
			productName = RxCocoa;
		};
		C0B59D362AF0FBF500150DE9 /* RxSwift */ = {
			isa = XCSwiftPackageProductDependency;
			package = C0B59D332AF0FBF500150DE9 /* XCRemoteSwiftPackageReference "RxSwift.git" */;
			productName = RxSwift;
		};
		C0B59D392AF0FBFF00150DE9 /* ReactorKit */ = {
			isa = XCSwiftPackageProductDependency;
			package = C0B59D382AF0FBFF00150DE9 /* XCRemoteSwiftPackageReference "ReactorKit.git" */;
			productName = ReactorKit;
		};
		C0F15E1E2AFE11460039FF71 /* Kingfisher */ = {
			isa = XCSwiftPackageProductDependency;
			package = C0F15E1D2AFE11460039FF71 /* XCRemoteSwiftPackageReference "Kingfisher.git" */;
			productName = Kingfisher;
		};
		C0F15E382B03DA330039FF71 /* RxDataSources */ = {
			isa = XCSwiftPackageProductDependency;
			package = C0F15E372B03DA330039FF71 /* XCRemoteSwiftPackageReference "RxDataSources.git" */;
			productName = RxDataSources;
		};
/* End XCSwiftPackageProductDependency section */
	};
	rootObject = C0B59CF22AEF802000150DE9 /* Project object */;
}
